// !$*UTF8*$!
{
	archiveVersion = 1;
	classes = {
	};
	objectVersion = 46;
	objects = {

/* Begin PBXBuildFile section */
		B00F85F81A1BD0630005847C /* main.m in Sources */ = {isa = PBXBuildFile; fileRef = B00F85F71A1BD0630005847C /* main.m */; };
		B00F85FB1A1BD0630005847C /* AppDelegate.m in Sources */ = {isa = PBXBuildFile; fileRef = B00F85FA1A1BD0630005847C /* AppDelegate.m */; };
		B00F86031A1BD0630005847C /* Images.xcassets in Resources */ = {isa = PBXBuildFile; fileRef = B00F86021A1BD0630005847C /* Images.xcassets */; };
		B00F86121A1BD0630005847C /* TamagotchiAppTests.m in Sources */ = {isa = PBXBuildFile; fileRef = B00F86111A1BD0630005847C /* TamagotchiAppTests.m */; };
		B01DE4BB1A1F501800E2C7DF /* Food.plist in Resources */ = {isa = PBXBuildFile; fileRef = B01DE4BA1A1F501800E2C7DF /* Food.plist */; };
		B06821B71A1FB9CD0009C4AF /* Pet.m in Sources */ = {isa = PBXBuildFile; fileRef = B06821B61A1FB9CD0009C4AF /* Pet.m */; };
		B088FE5C1A1E46A800C19810 /* SelectFoodViewController.m in Sources */ = {isa = PBXBuildFile; fileRef = B088FE5A1A1E46A800C19810 /* SelectFoodViewController.m */; };
		B088FE5D1A1E46A800C19810 /* SelectFoodViewController.xib in Resources */ = {isa = PBXBuildFile; fileRef = B088FE5B1A1E46A800C19810 /* SelectFoodViewController.xib */; };
		B088FE701A1E70DD00C19810 /* FoodCell.m in Sources */ = {isa = PBXBuildFile; fileRef = B088FE6E1A1E70DD00C19810 /* FoodCell.m */; };
		B088FE711A1E70DD00C19810 /* FoodCell.xib in Resources */ = {isa = PBXBuildFile; fileRef = B088FE6F1A1E70DD00C19810 /* FoodCell.xib */; };
		B088FE741A1E7EBA00C19810 /* Food.m in Sources */ = {isa = PBXBuildFile; fileRef = B088FE731A1E7EBA00C19810 /* Food.m */; };
		B08D52FD1A1FFB70004E9E19 /* MessageUI.framework in Frameworks */ = {isa = PBXBuildFile; fileRef = B08D52FC1A1FFB70004E9E19 /* MessageUI.framework */; };
		B0D35F661A1BD4D90059E6AC /* WelcomeViewController.m in Sources */ = {isa = PBXBuildFile; fileRef = B0D35F641A1BD4D90059E6AC /* WelcomeViewController.m */; };
		B0D35F671A1BD4D90059E6AC /* WelcomeViewController.xib in Resources */ = {isa = PBXBuildFile; fileRef = B0D35F651A1BD4D90059E6AC /* WelcomeViewController.xib */; };
		B0D35F6B1A1BD52F0059E6AC /* SelectImageViewController.m in Sources */ = {isa = PBXBuildFile; fileRef = B0D35F691A1BD52F0059E6AC /* SelectImageViewController.m */; };
		B0D35F6C1A1BD52F0059E6AC /* SelectImageViewController.xib in Resources */ = {isa = PBXBuildFile; fileRef = B0D35F6A1A1BD52F0059E6AC /* SelectImageViewController.xib */; };
		B0D3607E1A1BE2C70059E6AC /* ShowEnergyViewController.m in Sources */ = {isa = PBXBuildFile; fileRef = B0D3607C1A1BE2C70059E6AC /* ShowEnergyViewController.m */; };
		B0D3607F1A1BE2C70059E6AC /* ShowEnergyViewController.xib in Resources */ = {isa = PBXBuildFile; fileRef = B0D3607D1A1BE2C70059E6AC /* ShowEnergyViewController.xib */; };
		B0F823E21A263E72000195B2 /* AFHTTPRequestOperation.m in Sources */ = {isa = PBXBuildFile; fileRef = B0F823BE1A263E72000195B2 /* AFHTTPRequestOperation.m */; };
		B0F823E31A263E72000195B2 /* AFHTTPRequestOperationManager.m in Sources */ = {isa = PBXBuildFile; fileRef = B0F823C01A263E72000195B2 /* AFHTTPRequestOperationManager.m */; };
		B0F823E41A263E72000195B2 /* AFHTTPSessionManager.m in Sources */ = {isa = PBXBuildFile; fileRef = B0F823C21A263E72000195B2 /* AFHTTPSessionManager.m */; };
		B0F823E51A263E72000195B2 /* AFNetworkReachabilityManager.m in Sources */ = {isa = PBXBuildFile; fileRef = B0F823C51A263E72000195B2 /* AFNetworkReachabilityManager.m */; };
		B0F823E61A263E72000195B2 /* AFSecurityPolicy.m in Sources */ = {isa = PBXBuildFile; fileRef = B0F823C71A263E72000195B2 /* AFSecurityPolicy.m */; };
		B0F823E71A263E72000195B2 /* AFURLConnectionOperation.m in Sources */ = {isa = PBXBuildFile; fileRef = B0F823C91A263E72000195B2 /* AFURLConnectionOperation.m */; };
		B0F823E81A263E72000195B2 /* AFURLRequestSerialization.m in Sources */ = {isa = PBXBuildFile; fileRef = B0F823CB1A263E72000195B2 /* AFURLRequestSerialization.m */; };
		B0F823E91A263E72000195B2 /* AFURLResponseSerialization.m in Sources */ = {isa = PBXBuildFile; fileRef = B0F823CD1A263E72000195B2 /* AFURLResponseSerialization.m */; };
		B0F823EA1A263E72000195B2 /* AFURLSessionManager.m in Sources */ = {isa = PBXBuildFile; fileRef = B0F823CF1A263E72000195B2 /* AFURLSessionManager.m */; };
		B0F823EB1A263E72000195B2 /* AFNetworkActivityIndicatorManager.m in Sources */ = {isa = PBXBuildFile; fileRef = B0F823D21A263E72000195B2 /* AFNetworkActivityIndicatorManager.m */; };
		B0F823EC1A263E72000195B2 /* UIActivityIndicatorView+AFNetworking.m in Sources */ = {isa = PBXBuildFile; fileRef = B0F823D41A263E72000195B2 /* UIActivityIndicatorView+AFNetworking.m */; };
		B0F823ED1A263E72000195B2 /* UIAlertView+AFNetworking.m in Sources */ = {isa = PBXBuildFile; fileRef = B0F823D61A263E72000195B2 /* UIAlertView+AFNetworking.m */; };
		B0F823EE1A263E72000195B2 /* UIButton+AFNetworking.m in Sources */ = {isa = PBXBuildFile; fileRef = B0F823D81A263E72000195B2 /* UIButton+AFNetworking.m */; };
		B0F823EF1A263E72000195B2 /* UIImageView+AFNetworking.m in Sources */ = {isa = PBXBuildFile; fileRef = B0F823DA1A263E72000195B2 /* UIImageView+AFNetworking.m */; };
		B0F823F01A263E72000195B2 /* UIProgressView+AFNetworking.m in Sources */ = {isa = PBXBuildFile; fileRef = B0F823DD1A263E72000195B2 /* UIProgressView+AFNetworking.m */; };
		B0F823F11A263E72000195B2 /* UIRefreshControl+AFNetworking.m in Sources */ = {isa = PBXBuildFile; fileRef = B0F823DF1A263E72000195B2 /* UIRefreshControl+AFNetworking.m */; };
		B0F823F21A263E72000195B2 /* UIWebView+AFNetworking.m in Sources */ = {isa = PBXBuildFile; fileRef = B0F823E11A263E72000195B2 /* UIWebView+AFNetworking.m */; };
		B0F824031A26440A000195B2 /* NetworkManager.m in Sources */ = {isa = PBXBuildFile; fileRef = B0F824021A26440A000195B2 /* NetworkManager.m */; };
/* End PBXBuildFile section */

/* Begin PBXContainerItemProxy section */
		B00F860C1A1BD0630005847C /* PBXContainerItemProxy */ = {
			isa = PBXContainerItemProxy;
			containerPortal = B00F85EA1A1BD0630005847C /* Project object */;
			proxyType = 1;
			remoteGlobalIDString = B00F85F11A1BD0630005847C;
			remoteInfo = TamagotchiApp;
		};
/* End PBXContainerItemProxy section */

/* Begin PBXFileReference section */
		B00F85F21A1BD0630005847C /* TamagotchiApp.app */ = {isa = PBXFileReference; explicitFileType = wrapper.application; includeInIndex = 0; path = TamagotchiApp.app; sourceTree = BUILT_PRODUCTS_DIR; };
		B00F85F61A1BD0630005847C /* Info.plist */ = {isa = PBXFileReference; lastKnownFileType = text.plist.xml; path = Info.plist; sourceTree = "<group>"; };
		B00F85F71A1BD0630005847C /* main.m */ = {isa = PBXFileReference; lastKnownFileType = sourcecode.c.objc; path = main.m; sourceTree = "<group>"; };
		B00F85F91A1BD0630005847C /* AppDelegate.h */ = {isa = PBXFileReference; lastKnownFileType = sourcecode.c.h; path = AppDelegate.h; sourceTree = "<group>"; };
		B00F85FA1A1BD0630005847C /* AppDelegate.m */ = {isa = PBXFileReference; lastKnownFileType = sourcecode.c.objc; path = AppDelegate.m; sourceTree = "<group>"; };
		B00F86021A1BD0630005847C /* Images.xcassets */ = {isa = PBXFileReference; lastKnownFileType = folder.assetcatalog; path = Images.xcassets; sourceTree = "<group>"; };
		B00F860B1A1BD0630005847C /* TamagotchiAppTests.xctest */ = {isa = PBXFileReference; explicitFileType = wrapper.cfbundle; includeInIndex = 0; path = TamagotchiAppTests.xctest; sourceTree = BUILT_PRODUCTS_DIR; };
		B00F86101A1BD0630005847C /* Info.plist */ = {isa = PBXFileReference; lastKnownFileType = text.plist.xml; path = Info.plist; sourceTree = "<group>"; };
		B00F86111A1BD0630005847C /* TamagotchiAppTests.m */ = {isa = PBXFileReference; lastKnownFileType = sourcecode.c.objc; path = TamagotchiAppTests.m; sourceTree = "<group>"; };
		B01DE4BA1A1F501800E2C7DF /* Food.plist */ = {isa = PBXFileReference; fileEncoding = 4; lastKnownFileType = text.plist.xml; path = Food.plist; sourceTree = "<group>"; };
		B06821B51A1FB9CD0009C4AF /* Pet.h */ = {isa = PBXFileReference; fileEncoding = 4; lastKnownFileType = sourcecode.c.h; path = Pet.h; sourceTree = "<group>"; };
		B06821B61A1FB9CD0009C4AF /* Pet.m */ = {isa = PBXFileReference; fileEncoding = 4; lastKnownFileType = sourcecode.c.objc; path = Pet.m; sourceTree = "<group>"; };
		B088FE591A1E46A800C19810 /* SelectFoodViewController.h */ = {isa = PBXFileReference; fileEncoding = 4; lastKnownFileType = sourcecode.c.h; name = SelectFoodViewController.h; path = Views/SelectFood/SelectFoodViewController.h; sourceTree = "<group>"; };
		B088FE5A1A1E46A800C19810 /* SelectFoodViewController.m */ = {isa = PBXFileReference; fileEncoding = 4; lastKnownFileType = sourcecode.c.objc; name = SelectFoodViewController.m; path = Views/SelectFood/SelectFoodViewController.m; sourceTree = "<group>"; };
		B088FE5B1A1E46A800C19810 /* SelectFoodViewController.xib */ = {isa = PBXFileReference; fileEncoding = 4; lastKnownFileType = file.xib; name = SelectFoodViewController.xib; path = Views/SelectFood/SelectFoodViewController.xib; sourceTree = "<group>"; };
		B088FE6D1A1E70DD00C19810 /* FoodCell.h */ = {isa = PBXFileReference; fileEncoding = 4; lastKnownFileType = sourcecode.c.h; name = FoodCell.h; path = Views/SelectFood/FoodCell.h; sourceTree = "<group>"; };
		B088FE6E1A1E70DD00C19810 /* FoodCell.m */ = {isa = PBXFileReference; fileEncoding = 4; lastKnownFileType = sourcecode.c.objc; name = FoodCell.m; path = Views/SelectFood/FoodCell.m; sourceTree = "<group>"; };
		B088FE6F1A1E70DD00C19810 /* FoodCell.xib */ = {isa = PBXFileReference; fileEncoding = 4; lastKnownFileType = file.xib; name = FoodCell.xib; path = Views/SelectFood/FoodCell.xib; sourceTree = "<group>"; };
		B088FE721A1E7EBA00C19810 /* Food.h */ = {isa = PBXFileReference; fileEncoding = 4; lastKnownFileType = sourcecode.c.h; name = Food.h; path = Views/Food.h; sourceTree = "<group>"; };
		B088FE731A1E7EBA00C19810 /* Food.m */ = {isa = PBXFileReference; fileEncoding = 4; lastKnownFileType = sourcecode.c.objc; name = Food.m; path = Views/Food.m; sourceTree = "<group>"; };
		B08D52FC1A1FFB70004E9E19 /* MessageUI.framework */ = {isa = PBXFileReference; lastKnownFileType = wrapper.framework; name = MessageUI.framework; path = System/Library/Frameworks/MessageUI.framework; sourceTree = SDKROOT; };
		B0D35F631A1BD4D90059E6AC /* WelcomeViewController.h */ = {isa = PBXFileReference; fileEncoding = 4; lastKnownFileType = sourcecode.c.h; path = WelcomeViewController.h; sourceTree = "<group>"; };
		B0D35F641A1BD4D90059E6AC /* WelcomeViewController.m */ = {isa = PBXFileReference; fileEncoding = 4; lastKnownFileType = sourcecode.c.objc; path = WelcomeViewController.m; sourceTree = "<group>"; };
		B0D35F651A1BD4D90059E6AC /* WelcomeViewController.xib */ = {isa = PBXFileReference; fileEncoding = 4; lastKnownFileType = file.xib; path = WelcomeViewController.xib; sourceTree = "<group>"; };
		B0D35F681A1BD52F0059E6AC /* SelectImageViewController.h */ = {isa = PBXFileReference; fileEncoding = 4; lastKnownFileType = sourcecode.c.h; path = SelectImageViewController.h; sourceTree = "<group>"; };
		B0D35F691A1BD52F0059E6AC /* SelectImageViewController.m */ = {isa = PBXFileReference; fileEncoding = 4; lastKnownFileType = sourcecode.c.objc; path = SelectImageViewController.m; sourceTree = "<group>"; };
		B0D35F6A1A1BD52F0059E6AC /* SelectImageViewController.xib */ = {isa = PBXFileReference; fileEncoding = 4; lastKnownFileType = file.xib; path = SelectImageViewController.xib; sourceTree = "<group>"; };
		B0D3607B1A1BE2C70059E6AC /* ShowEnergyViewController.h */ = {isa = PBXFileReference; fileEncoding = 4; lastKnownFileType = sourcecode.c.h; path = ShowEnergyViewController.h; sourceTree = "<group>"; };
		B0D3607C1A1BE2C70059E6AC /* ShowEnergyViewController.m */ = {isa = PBXFileReference; fileEncoding = 4; lastKnownFileType = sourcecode.c.objc; path = ShowEnergyViewController.m; sourceTree = "<group>"; };
		B0D3607D1A1BE2C70059E6AC /* ShowEnergyViewController.xib */ = {isa = PBXFileReference; fileEncoding = 4; lastKnownFileType = file.xib; path = ShowEnergyViewController.xib; sourceTree = "<group>"; };
		B0F823BD1A263E72000195B2 /* AFHTTPRequestOperation.h */ = {isa = PBXFileReference; fileEncoding = 4; lastKnownFileType = sourcecode.c.h; path = AFHTTPRequestOperation.h; sourceTree = "<group>"; };
		B0F823BE1A263E72000195B2 /* AFHTTPRequestOperation.m */ = {isa = PBXFileReference; fileEncoding = 4; lastKnownFileType = sourcecode.c.objc; path = AFHTTPRequestOperation.m; sourceTree = "<group>"; };
		B0F823BF1A263E72000195B2 /* AFHTTPRequestOperationManager.h */ = {isa = PBXFileReference; fileEncoding = 4; lastKnownFileType = sourcecode.c.h; path = AFHTTPRequestOperationManager.h; sourceTree = "<group>"; };
		B0F823C01A263E72000195B2 /* AFHTTPRequestOperationManager.m */ = {isa = PBXFileReference; fileEncoding = 4; lastKnownFileType = sourcecode.c.objc; path = AFHTTPRequestOperationManager.m; sourceTree = "<group>"; };
		B0F823C11A263E72000195B2 /* AFHTTPSessionManager.h */ = {isa = PBXFileReference; fileEncoding = 4; lastKnownFileType = sourcecode.c.h; path = AFHTTPSessionManager.h; sourceTree = "<group>"; };
		B0F823C21A263E72000195B2 /* AFHTTPSessionManager.m */ = {isa = PBXFileReference; fileEncoding = 4; lastKnownFileType = sourcecode.c.objc; path = AFHTTPSessionManager.m; sourceTree = "<group>"; };
		B0F823C31A263E72000195B2 /* AFNetworking.h */ = {isa = PBXFileReference; fileEncoding = 4; lastKnownFileType = sourcecode.c.h; path = AFNetworking.h; sourceTree = "<group>"; };
		B0F823C41A263E72000195B2 /* AFNetworkReachabilityManager.h */ = {isa = PBXFileReference; fileEncoding = 4; lastKnownFileType = sourcecode.c.h; path = AFNetworkReachabilityManager.h; sourceTree = "<group>"; };
		B0F823C51A263E72000195B2 /* AFNetworkReachabilityManager.m */ = {isa = PBXFileReference; fileEncoding = 4; lastKnownFileType = sourcecode.c.objc; path = AFNetworkReachabilityManager.m; sourceTree = "<group>"; };
		B0F823C61A263E72000195B2 /* AFSecurityPolicy.h */ = {isa = PBXFileReference; fileEncoding = 4; lastKnownFileType = sourcecode.c.h; path = AFSecurityPolicy.h; sourceTree = "<group>"; };
		B0F823C71A263E72000195B2 /* AFSecurityPolicy.m */ = {isa = PBXFileReference; fileEncoding = 4; lastKnownFileType = sourcecode.c.objc; path = AFSecurityPolicy.m; sourceTree = "<group>"; };
		B0F823C81A263E72000195B2 /* AFURLConnectionOperation.h */ = {isa = PBXFileReference; fileEncoding = 4; lastKnownFileType = sourcecode.c.h; path = AFURLConnectionOperation.h; sourceTree = "<group>"; };
		B0F823C91A263E72000195B2 /* AFURLConnectionOperation.m */ = {isa = PBXFileReference; fileEncoding = 4; lastKnownFileType = sourcecode.c.objc; path = AFURLConnectionOperation.m; sourceTree = "<group>"; };
		B0F823CA1A263E72000195B2 /* AFURLRequestSerialization.h */ = {isa = PBXFileReference; fileEncoding = 4; lastKnownFileType = sourcecode.c.h; path = AFURLRequestSerialization.h; sourceTree = "<group>"; };
		B0F823CB1A263E72000195B2 /* AFURLRequestSerialization.m */ = {isa = PBXFileReference; fileEncoding = 4; lastKnownFileType = sourcecode.c.objc; path = AFURLRequestSerialization.m; sourceTree = "<group>"; };
		B0F823CC1A263E72000195B2 /* AFURLResponseSerialization.h */ = {isa = PBXFileReference; fileEncoding = 4; lastKnownFileType = sourcecode.c.h; path = AFURLResponseSerialization.h; sourceTree = "<group>"; };
		B0F823CD1A263E72000195B2 /* AFURLResponseSerialization.m */ = {isa = PBXFileReference; fileEncoding = 4; lastKnownFileType = sourcecode.c.objc; path = AFURLResponseSerialization.m; sourceTree = "<group>"; };
		B0F823CE1A263E72000195B2 /* AFURLSessionManager.h */ = {isa = PBXFileReference; fileEncoding = 4; lastKnownFileType = sourcecode.c.h; path = AFURLSessionManager.h; sourceTree = "<group>"; };
		B0F823CF1A263E72000195B2 /* AFURLSessionManager.m */ = {isa = PBXFileReference; fileEncoding = 4; lastKnownFileType = sourcecode.c.objc; path = AFURLSessionManager.m; sourceTree = "<group>"; };
		B0F823D11A263E72000195B2 /* AFNetworkActivityIndicatorManager.h */ = {isa = PBXFileReference; fileEncoding = 4; lastKnownFileType = sourcecode.c.h; path = AFNetworkActivityIndicatorManager.h; sourceTree = "<group>"; };
		B0F823D21A263E72000195B2 /* AFNetworkActivityIndicatorManager.m */ = {isa = PBXFileReference; fileEncoding = 4; lastKnownFileType = sourcecode.c.objc; path = AFNetworkActivityIndicatorManager.m; sourceTree = "<group>"; };
		B0F823D31A263E72000195B2 /* UIActivityIndicatorView+AFNetworking.h */ = {isa = PBXFileReference; fileEncoding = 4; lastKnownFileType = sourcecode.c.h; path = "UIActivityIndicatorView+AFNetworking.h"; sourceTree = "<group>"; };
		B0F823D41A263E72000195B2 /* UIActivityIndicatorView+AFNetworking.m */ = {isa = PBXFileReference; fileEncoding = 4; lastKnownFileType = sourcecode.c.objc; path = "UIActivityIndicatorView+AFNetworking.m"; sourceTree = "<group>"; };
		B0F823D51A263E72000195B2 /* UIAlertView+AFNetworking.h */ = {isa = PBXFileReference; fileEncoding = 4; lastKnownFileType = sourcecode.c.h; path = "UIAlertView+AFNetworking.h"; sourceTree = "<group>"; };
		B0F823D61A263E72000195B2 /* UIAlertView+AFNetworking.m */ = {isa = PBXFileReference; fileEncoding = 4; lastKnownFileType = sourcecode.c.objc; path = "UIAlertView+AFNetworking.m"; sourceTree = "<group>"; };
		B0F823D71A263E72000195B2 /* UIButton+AFNetworking.h */ = {isa = PBXFileReference; fileEncoding = 4; lastKnownFileType = sourcecode.c.h; path = "UIButton+AFNetworking.h"; sourceTree = "<group>"; };
		B0F823D81A263E72000195B2 /* UIButton+AFNetworking.m */ = {isa = PBXFileReference; fileEncoding = 4; lastKnownFileType = sourcecode.c.objc; path = "UIButton+AFNetworking.m"; sourceTree = "<group>"; };
		B0F823D91A263E72000195B2 /* UIImageView+AFNetworking.h */ = {isa = PBXFileReference; fileEncoding = 4; lastKnownFileType = sourcecode.c.h; path = "UIImageView+AFNetworking.h"; sourceTree = "<group>"; };
		B0F823DA1A263E72000195B2 /* UIImageView+AFNetworking.m */ = {isa = PBXFileReference; fileEncoding = 4; lastKnownFileType = sourcecode.c.objc; path = "UIImageView+AFNetworking.m"; sourceTree = "<group>"; };
		B0F823DB1A263E72000195B2 /* UIKit+AFNetworking.h */ = {isa = PBXFileReference; fileEncoding = 4; lastKnownFileType = sourcecode.c.h; path = "UIKit+AFNetworking.h"; sourceTree = "<group>"; };
		B0F823DC1A263E72000195B2 /* UIProgressView+AFNetworking.h */ = {isa = PBXFileReference; fileEncoding = 4; lastKnownFileType = sourcecode.c.h; path = "UIProgressView+AFNetworking.h"; sourceTree = "<group>"; };
		B0F823DD1A263E72000195B2 /* UIProgressView+AFNetworking.m */ = {isa = PBXFileReference; fileEncoding = 4; lastKnownFileType = sourcecode.c.objc; path = "UIProgressView+AFNetworking.m"; sourceTree = "<group>"; };
		B0F823DE1A263E72000195B2 /* UIRefreshControl+AFNetworking.h */ = {isa = PBXFileReference; fileEncoding = 4; lastKnownFileType = sourcecode.c.h; path = "UIRefreshControl+AFNetworking.h"; sourceTree = "<group>"; };
		B0F823DF1A263E72000195B2 /* UIRefreshControl+AFNetworking.m */ = {isa = PBXFileReference; fileEncoding = 4; lastKnownFileType = sourcecode.c.objc; path = "UIRefreshControl+AFNetworking.m"; sourceTree = "<group>"; };
		B0F823E01A263E72000195B2 /* UIWebView+AFNetworking.h */ = {isa = PBXFileReference; fileEncoding = 4; lastKnownFileType = sourcecode.c.h; path = "UIWebView+AFNetworking.h"; sourceTree = "<group>"; };
		B0F823E11A263E72000195B2 /* UIWebView+AFNetworking.m */ = {isa = PBXFileReference; fileEncoding = 4; lastKnownFileType = sourcecode.c.objc; path = "UIWebView+AFNetworking.m"; sourceTree = "<group>"; };
		B0F824011A26440A000195B2 /* NetworkManager.h */ = {isa = PBXFileReference; fileEncoding = 4; lastKnownFileType = sourcecode.c.h; path = NetworkManager.h; sourceTree = "<group>"; };
		B0F824021A26440A000195B2 /* NetworkManager.m */ = {isa = PBXFileReference; fileEncoding = 4; lastKnownFileType = sourcecode.c.objc; path = NetworkManager.m; sourceTree = "<group>"; };
/* End PBXFileReference section */

/* Begin PBXFrameworksBuildPhase section */
		B00F85EF1A1BD0630005847C /* Frameworks */ = {
			isa = PBXFrameworksBuildPhase;
			buildActionMask = 2147483647;
			files = (
				B08D52FD1A1FFB70004E9E19 /* MessageUI.framework in Frameworks */,
			);
			runOnlyForDeploymentPostprocessing = 0;
		};
		B00F86081A1BD0630005847C /* Frameworks */ = {
			isa = PBXFrameworksBuildPhase;
			buildActionMask = 2147483647;
			files = (
			);
			runOnlyForDeploymentPostprocessing = 0;
		};
/* End PBXFrameworksBuildPhase section */

/* Begin PBXGroup section */
		B00F85E91A1BD0630005847C = {
			isa = PBXGroup;
			children = (
				B08D52FC1A1FFB70004E9E19 /* MessageUI.framework */,
				B00F85F41A1BD0630005847C /* TamagotchiApp */,
				B00F860E1A1BD0630005847C /* TamagotchiAppTests */,
				B00F85F31A1BD0630005847C /* Products */,
			);
			sourceTree = "<group>";
		};
		B00F85F31A1BD0630005847C /* Products */ = {
			isa = PBXGroup;
			children = (
				B00F85F21A1BD0630005847C /* TamagotchiApp.app */,
				B00F860B1A1BD0630005847C /* TamagotchiAppTests.xctest */,
			);
			name = Products;
			sourceTree = "<group>";
		};
		B00F85F41A1BD0630005847C /* TamagotchiApp */ = {
			isa = PBXGroup;
			children = (
				B0F823FA1A2642B6000195B2 /* Model */,
				B0F823F91A264265000195B2 /* ThirdPartiesLibraries */,
				B00F86201A1BD3320005847C /* Views */,
				B00F85F91A1BD0630005847C /* AppDelegate.h */,
				B00F85FA1A1BD0630005847C /* AppDelegate.m */,
				B00F86021A1BD0630005847C /* Images.xcassets */,
				B00F85F51A1BD0630005847C /* Supporting Files */,
			);
			path = TamagotchiApp;
			sourceTree = "<group>";
		};
		B00F85F51A1BD0630005847C /* Supporting Files */ = {
			isa = PBXGroup;
			children = (
				B00F85F61A1BD0630005847C /* Info.plist */,
				B00F85F71A1BD0630005847C /* main.m */,
				B01DE4BA1A1F501800E2C7DF /* Food.plist */,
			);
			name = "Supporting Files";
			sourceTree = "<group>";
		};
		B00F860E1A1BD0630005847C /* TamagotchiAppTests */ = {
			isa = PBXGroup;
			children = (
				B00F86111A1BD0630005847C /* TamagotchiAppTests.m */,
				B00F860F1A1BD0630005847C /* Supporting Files */,
			);
			path = TamagotchiAppTests;
			sourceTree = "<group>";
		};
		B00F860F1A1BD0630005847C /* Supporting Files */ = {
			isa = PBXGroup;
			children = (
				B00F86101A1BD0630005847C /* Info.plist */,
			);
			name = "Supporting Files";
			sourceTree = "<group>";
		};
		B00F86201A1BD3320005847C /* Views */ = {
			isa = PBXGroup;
			children = (
				B088FE581A1E468100C19810 /* SelectFood */,
				B0D3607A1A1BE2AB0059E6AC /* ShowEnergy */,
				B0D35F611A1BD4D90059E6AC /* SelectImage */,
				B0D35F621A1BD4D90059E6AC /* SelectName */,
			);
			name = Views;
			sourceTree = "<group>";
		};
		B088FE581A1E468100C19810 /* SelectFood */ = {
			isa = PBXGroup;
			children = (
				B088FE591A1E46A800C19810 /* SelectFoodViewController.h */,
				B088FE5A1A1E46A800C19810 /* SelectFoodViewController.m */,
				B088FE5B1A1E46A800C19810 /* SelectFoodViewController.xib */,
				B088FE6D1A1E70DD00C19810 /* FoodCell.h */,
				B088FE6E1A1E70DD00C19810 /* FoodCell.m */,
				B088FE6F1A1E70DD00C19810 /* FoodCell.xib */,
				B088FE721A1E7EBA00C19810 /* Food.h */,
				B088FE731A1E7EBA00C19810 /* Food.m */,
			);
			name = SelectFood;
			sourceTree = "<group>";
		};
		B0D35F611A1BD4D90059E6AC /* SelectImage */ = {
			isa = PBXGroup;
			children = (
				B0D35F681A1BD52F0059E6AC /* SelectImageViewController.h */,
				B0D35F691A1BD52F0059E6AC /* SelectImageViewController.m */,
				B0D35F6A1A1BD52F0059E6AC /* SelectImageViewController.xib */,
				B06821B51A1FB9CD0009C4AF /* Pet.h */,
				B06821B61A1FB9CD0009C4AF /* Pet.m */,
			);
			name = SelectImage;
			path = Views/SelectImage;
			sourceTree = "<group>";
		};
		B0D35F621A1BD4D90059E6AC /* SelectName */ = {
			isa = PBXGroup;
			children = (
				B0D35F631A1BD4D90059E6AC /* WelcomeViewController.h */,
				B0D35F641A1BD4D90059E6AC /* WelcomeViewController.m */,
				B0D35F651A1BD4D90059E6AC /* WelcomeViewController.xib */,
			);
			name = SelectName;
			path = Views/SelectName;
			sourceTree = "<group>";
		};
		B0D3607A1A1BE2AB0059E6AC /* ShowEnergy */ = {
			isa = PBXGroup;
			children = (
				B0D3607B1A1BE2C70059E6AC /* ShowEnergyViewController.h */,
				B0D3607C1A1BE2C70059E6AC /* ShowEnergyViewController.m */,
				B0D3607D1A1BE2C70059E6AC /* ShowEnergyViewController.xib */,
				B0F824011A26440A000195B2 /* NetworkManager.h */,
				B0F824021A26440A000195B2 /* NetworkManager.m */,
			);
			name = ShowEnergy;
			path = Views/ShowEnergy;
			sourceTree = "<group>";
		};
		B0F823BC1A263E72000195B2 /* AFNetworking */ = {
			isa = PBXGroup;
			children = (
				B0F823BD1A263E72000195B2 /* AFHTTPRequestOperation.h */,
				B0F823BE1A263E72000195B2 /* AFHTTPRequestOperation.m */,
				B0F823BF1A263E72000195B2 /* AFHTTPRequestOperationManager.h */,
				B0F823C01A263E72000195B2 /* AFHTTPRequestOperationManager.m */,
				B0F823C11A263E72000195B2 /* AFHTTPSessionManager.h */,
				B0F823C21A263E72000195B2 /* AFHTTPSessionManager.m */,
				B0F823C31A263E72000195B2 /* AFNetworking.h */,
				B0F823C41A263E72000195B2 /* AFNetworkReachabilityManager.h */,
				B0F823C51A263E72000195B2 /* AFNetworkReachabilityManager.m */,
				B0F823C61A263E72000195B2 /* AFSecurityPolicy.h */,
				B0F823C71A263E72000195B2 /* AFSecurityPolicy.m */,
				B0F823C81A263E72000195B2 /* AFURLConnectionOperation.h */,
				B0F823C91A263E72000195B2 /* AFURLConnectionOperation.m */,
				B0F823CA1A263E72000195B2 /* AFURLRequestSerialization.h */,
				B0F823CB1A263E72000195B2 /* AFURLRequestSerialization.m */,
				B0F823CC1A263E72000195B2 /* AFURLResponseSerialization.h */,
				B0F823CD1A263E72000195B2 /* AFURLResponseSerialization.m */,
				B0F823CE1A263E72000195B2 /* AFURLSessionManager.h */,
				B0F823CF1A263E72000195B2 /* AFURLSessionManager.m */,
			);
			name = AFNetworking;
			path = ../AFNetworking;
			sourceTree = "<group>";
		};
		B0F823D01A263E72000195B2 /* UIKit+AFNetworking */ = {
			isa = PBXGroup;
			children = (
				B0F823D11A263E72000195B2 /* AFNetworkActivityIndicatorManager.h */,
				B0F823D21A263E72000195B2 /* AFNetworkActivityIndicatorManager.m */,
				B0F823D31A263E72000195B2 /* UIActivityIndicatorView+AFNetworking.h */,
				B0F823D41A263E72000195B2 /* UIActivityIndicatorView+AFNetworking.m */,
				B0F823D51A263E72000195B2 /* UIAlertView+AFNetworking.h */,
				B0F823D61A263E72000195B2 /* UIAlertView+AFNetworking.m */,
				B0F823D71A263E72000195B2 /* UIButton+AFNetworking.h */,
				B0F823D81A263E72000195B2 /* UIButton+AFNetworking.m */,
				B0F823D91A263E72000195B2 /* UIImageView+AFNetworking.h */,
				B0F823DA1A263E72000195B2 /* UIImageView+AFNetworking.m */,
				B0F823DB1A263E72000195B2 /* UIKit+AFNetworking.h */,
				B0F823DC1A263E72000195B2 /* UIProgressView+AFNetworking.h */,
				B0F823DD1A263E72000195B2 /* UIProgressView+AFNetworking.m */,
				B0F823DE1A263E72000195B2 /* UIRefreshControl+AFNetworking.h */,
				B0F823DF1A263E72000195B2 /* UIRefreshControl+AFNetworking.m */,
				B0F823E01A263E72000195B2 /* UIWebView+AFNetworking.h */,
				B0F823E11A263E72000195B2 /* UIWebView+AFNetworking.m */,
			);
			name = "UIKit+AFNetworking";
			path = "../UIKit+AFNetworking";
			sourceTree = "<group>";
		};
		B0F823F91A264265000195B2 /* ThirdPartiesLibraries */ = {
			isa = PBXGroup;
			children = (
				B0F823BC1A263E72000195B2 /* AFNetworking */,
				B0F823D01A263E72000195B2 /* UIKit+AFNetworking */,
			);
			path = ThirdPartiesLibraries;
			sourceTree = "<group>";
		};
		B0F823FA1A2642B6000195B2 /* Model */ = {
			isa = PBXGroup;
			children = (
			);
			path = Model;
			sourceTree = "<group>";
		};
/* End PBXGroup section */

/* Begin PBXNativeTarget section */
		B00F85F11A1BD0630005847C /* TamagotchiApp */ = {
			isa = PBXNativeTarget;
			buildConfigurationList = B00F86151A1BD0630005847C /* Build configuration list for PBXNativeTarget "TamagotchiApp" */;
			buildPhases = (
				B00F85EE1A1BD0630005847C /* Sources */,
				B00F85EF1A1BD0630005847C /* Frameworks */,
				B00F85F01A1BD0630005847C /* Resources */,
			);
			buildRules = (
			);
			dependencies = (
			);
			name = TamagotchiApp;
			productName = TamagotchiApp;
			productReference = B00F85F21A1BD0630005847C /* TamagotchiApp.app */;
			productType = "com.apple.product-type.application";
		};
		B00F860A1A1BD0630005847C /* TamagotchiAppTests */ = {
			isa = PBXNativeTarget;
			buildConfigurationList = B00F86181A1BD0630005847C /* Build configuration list for PBXNativeTarget "TamagotchiAppTests" */;
			buildPhases = (
				B00F86071A1BD0630005847C /* Sources */,
				B00F86081A1BD0630005847C /* Frameworks */,
				B00F86091A1BD0630005847C /* Resources */,
			);
			buildRules = (
			);
			dependencies = (
				B00F860D1A1BD0630005847C /* PBXTargetDependency */,
			);
			name = TamagotchiAppTests;
			productName = TamagotchiAppTests;
			productReference = B00F860B1A1BD0630005847C /* TamagotchiAppTests.xctest */;
			productType = "com.apple.product-type.bundle.unit-test";
		};
/* End PBXNativeTarget section */

/* Begin PBXProject section */
		B00F85EA1A1BD0630005847C /* Project object */ = {
			isa = PBXProject;
			attributes = {
				LastUpgradeCheck = 0610;
				ORGANIZATIONNAME = "Marcelo Fabian Dessal";
				TargetAttributes = {
					B00F85F11A1BD0630005847C = {
						CreatedOnToolsVersion = 6.1;
					};
					B00F860A1A1BD0630005847C = {
						CreatedOnToolsVersion = 6.1;
						TestTargetID = B00F85F11A1BD0630005847C;
					};
				};
			};
			buildConfigurationList = B00F85ED1A1BD0630005847C /* Build configuration list for PBXProject "TamagotchiApp" */;
			compatibilityVersion = "Xcode 3.2";
			developmentRegion = English;
			hasScannedForEncodings = 0;
			knownRegions = (
				en,
				Base,
			);
			mainGroup = B00F85E91A1BD0630005847C;
			productRefGroup = B00F85F31A1BD0630005847C /* Products */;
			projectDirPath = "";
			projectRoot = "";
			targets = (
				B00F85F11A1BD0630005847C /* TamagotchiApp */,
				B00F860A1A1BD0630005847C /* TamagotchiAppTests */,
			);
		};
/* End PBXProject section */

/* Begin PBXResourcesBuildPhase section */
		B00F85F01A1BD0630005847C /* Resources */ = {
			isa = PBXResourcesBuildPhase;
			buildActionMask = 2147483647;
			files = (
				B01DE4BB1A1F501800E2C7DF /* Food.plist in Resources */,
				B00F86031A1BD0630005847C /* Images.xcassets in Resources */,
				B088FE5D1A1E46A800C19810 /* SelectFoodViewController.xib in Resources */,
				B0D35F6C1A1BD52F0059E6AC /* SelectImageViewController.xib in Resources */,
				B0D35F671A1BD4D90059E6AC /* WelcomeViewController.xib in Resources */,
				B088FE711A1E70DD00C19810 /* FoodCell.xib in Resources */,
				B0D3607F1A1BE2C70059E6AC /* ShowEnergyViewController.xib in Resources */,
			);
			runOnlyForDeploymentPostprocessing = 0;
		};
		B00F86091A1BD0630005847C /* Resources */ = {
			isa = PBXResourcesBuildPhase;
			buildActionMask = 2147483647;
			files = (
			);
			runOnlyForDeploymentPostprocessing = 0;
		};
/* End PBXResourcesBuildPhase section */

/* Begin PBXSourcesBuildPhase section */
		B00F85EE1A1BD0630005847C /* Sources */ = {
			isa = PBXSourcesBuildPhase;
			buildActionMask = 2147483647;
			files = (
				B0F823E61A263E72000195B2 /* AFSecurityPolicy.m in Sources */,
				B0D35F6B1A1BD52F0059E6AC /* SelectImageViewController.m in Sources */,
				B0F823E51A263E72000195B2 /* AFNetworkReachabilityManager.m in Sources */,
				B088FE741A1E7EBA00C19810 /* Food.m in Sources */,
				B0F823EB1A263E72000195B2 /* AFNetworkActivityIndicatorManager.m in Sources */,
				B0F823EF1A263E72000195B2 /* UIImageView+AFNetworking.m in Sources */,
				B0F823E71A263E72000195B2 /* AFURLConnectionOperation.m in Sources */,
				B0F824031A26440A000195B2 /* NetworkManager.m in Sources */,
				B0F823EC1A263E72000195B2 /* UIActivityIndicatorView+AFNetworking.m in Sources */,
				B0F823F21A263E72000195B2 /* UIWebView+AFNetworking.m in Sources */,
				B0F823E21A263E72000195B2 /* AFHTTPRequestOperation.m in Sources */,
				B0F823E41A263E72000195B2 /* AFHTTPSessionManager.m in Sources */,
				B0F823ED1A263E72000195B2 /* UIAlertView+AFNetworking.m in Sources */,
				B0F823E81A263E72000195B2 /* AFURLRequestSerialization.m in Sources */,
				B00F85FB1A1BD0630005847C /* AppDelegate.m in Sources */,
				B0F823EA1A263E72000195B2 /* AFURLSessionManager.m in Sources */,
				B06821B71A1FB9CD0009C4AF /* Pet.m in Sources */,
				B0F823E31A263E72000195B2 /* AFHTTPRequestOperationManager.m in Sources */,
				B0F823F01A263E72000195B2 /* UIProgressView+AFNetworking.m in Sources */,
				B088FE5C1A1E46A800C19810 /* SelectFoodViewController.m in Sources */,
				B0F823EE1A263E72000195B2 /* UIButton+AFNetworking.m in Sources */,
				B0F823E91A263E72000195B2 /* AFURLResponseSerialization.m in Sources */,
				B0D3607E1A1BE2C70059E6AC /* ShowEnergyViewController.m in Sources */,
				B00F85F81A1BD0630005847C /* main.m in Sources */,
				B0F823F11A263E72000195B2 /* UIRefreshControl+AFNetworking.m in Sources */,
				B088FE701A1E70DD00C19810 /* FoodCell.m in Sources */,
				B0D35F661A1BD4D90059E6AC /* WelcomeViewController.m in Sources */,
			);
			runOnlyForDeploymentPostprocessing = 0;
		};
		B00F86071A1BD0630005847C /* Sources */ = {
			isa = PBXSourcesBuildPhase;
			buildActionMask = 2147483647;
			files = (
				B00F86121A1BD0630005847C /* TamagotchiAppTests.m in Sources */,
			);
			runOnlyForDeploymentPostprocessing = 0;
		};
/* End PBXSourcesBuildPhase section */

/* Begin PBXTargetDependency section */
		B00F860D1A1BD0630005847C /* PBXTargetDependency */ = {
			isa = PBXTargetDependency;
			target = B00F85F11A1BD0630005847C /* TamagotchiApp */;
			targetProxy = B00F860C1A1BD0630005847C /* PBXContainerItemProxy */;
		};
/* End PBXTargetDependency section */

/* Begin XCBuildConfiguration section */
		B00F86131A1BD0630005847C /* Debug */ = {
			isa = XCBuildConfiguration;
			buildSettings = {
				ALWAYS_SEARCH_USER_PATHS = NO;
				CLANG_CXX_LANGUAGE_STANDARD = "gnu++0x";
				CLANG_CXX_LIBRARY = "libc++";
				CLANG_ENABLE_MODULES = YES;
				CLANG_ENABLE_OBJC_ARC = YES;
				CLANG_WARN_BOOL_CONVERSION = YES;
				CLANG_WARN_CONSTANT_CONVERSION = YES;
				CLANG_WARN_DIRECT_OBJC_ISA_USAGE = YES_ERROR;
				CLANG_WARN_EMPTY_BODY = YES;
				CLANG_WARN_ENUM_CONVERSION = YES;
				CLANG_WARN_INT_CONVERSION = YES;
				CLANG_WARN_OBJC_ROOT_CLASS = YES_ERROR;
				CLANG_WARN_UNREACHABLE_CODE = YES;
				CLANG_WARN__DUPLICATE_METHOD_MATCH = YES;
				"CODE_SIGN_IDENTITY[sdk=iphoneos*]" = "iPhone Developer";
				COPY_PHASE_STRIP = NO;
				ENABLE_STRICT_OBJC_MSGSEND = YES;
				GCC_C_LANGUAGE_STANDARD = gnu99;
				GCC_DYNAMIC_NO_PIC = NO;
				GCC_OPTIMIZATION_LEVEL = 0;
				GCC_PREPROCESSOR_DEFINITIONS = (
					"DEBUG=1",
					"$(inherited)",
				);
				GCC_SYMBOLS_PRIVATE_EXTERN = NO;
				GCC_WARN_64_TO_32_BIT_CONVERSION = YES;
				GCC_WARN_ABOUT_RETURN_TYPE = YES_ERROR;
				GCC_WARN_UNDECLARED_SELECTOR = YES;
				GCC_WARN_UNINITIALIZED_AUTOS = YES_AGGRESSIVE;
				GCC_WARN_UNUSED_FUNCTION = YES;
				GCC_WARN_UNUSED_VARIABLE = YES;
				IPHONEOS_DEPLOYMENT_TARGET = 8.1;
				MTL_ENABLE_DEBUG_INFO = YES;
				ONLY_ACTIVE_ARCH = YES;
				SDKROOT = iphoneos;
			};
			name = Debug;
		};
		B00F86141A1BD0630005847C /* Release */ = {
			isa = XCBuildConfiguration;
			buildSettings = {
				ALWAYS_SEARCH_USER_PATHS = NO;
				CLANG_CXX_LANGUAGE_STANDARD = "gnu++0x";
				CLANG_CXX_LIBRARY = "libc++";
				CLANG_ENABLE_MODULES = YES;
				CLANG_ENABLE_OBJC_ARC = YES;
				CLANG_WARN_BOOL_CONVERSION = YES;
				CLANG_WARN_CONSTANT_CONVERSION = YES;
				CLANG_WARN_DIRECT_OBJC_ISA_USAGE = YES_ERROR;
				CLANG_WARN_EMPTY_BODY = YES;
				CLANG_WARN_ENUM_CONVERSION = YES;
				CLANG_WARN_INT_CONVERSION = YES;
				CLANG_WARN_OBJC_ROOT_CLASS = YES_ERROR;
				CLANG_WARN_UNREACHABLE_CODE = YES;
				CLANG_WARN__DUPLICATE_METHOD_MATCH = YES;
				"CODE_SIGN_IDENTITY[sdk=iphoneos*]" = "iPhone Developer";
				COPY_PHASE_STRIP = YES;
				ENABLE_NS_ASSERTIONS = NO;
				ENABLE_STRICT_OBJC_MSGSEND = YES;
				GCC_C_LANGUAGE_STANDARD = gnu99;
				GCC_WARN_64_TO_32_BIT_CONVERSION = YES;
				GCC_WARN_ABOUT_RETURN_TYPE = YES_ERROR;
				GCC_WARN_UNDECLARED_SELECTOR = YES;
				GCC_WARN_UNINITIALIZED_AUTOS = YES_AGGRESSIVE;
				GCC_WARN_UNUSED_FUNCTION = YES;
				GCC_WARN_UNUSED_VARIABLE = YES;
				IPHONEOS_DEPLOYMENT_TARGET = 8.1;
				MTL_ENABLE_DEBUG_INFO = NO;
				SDKROOT = iphoneos;
				VALIDATE_PRODUCT = YES;
			};
			name = Release;
		};
		B00F86161A1BD0630005847C /* Debug */ = {
			isa = XCBuildConfiguration;
			buildSettings = {
				ASSETCATALOG_COMPILER_APPICON_NAME = AppIcon;
				INFOPLIST_FILE = TamagotchiApp/Info.plist;
				IPHONEOS_DEPLOYMENT_TARGET = 7.1;
				LD_RUNPATH_SEARCH_PATHS = "$(inherited) @executable_path/Frameworks";
				PRODUCT_NAME = "$(TARGET_NAME)";
				TARGETED_DEVICE_FAMILY = 1;
			};
			name = Debug;
		};
		B00F86171A1BD0630005847C /* Release */ = {
			isa = XCBuildConfiguration;
			buildSettings = {
				ASSETCATALOG_COMPILER_APPICON_NAME = AppIcon;
				INFOPLIST_FILE = TamagotchiApp/Info.plist;
				IPHONEOS_DEPLOYMENT_TARGET = 7.1;
				LD_RUNPATH_SEARCH_PATHS = "$(inherited) @executable_path/Frameworks";
				PRODUCT_NAME = "$(TARGET_NAME)";
				TARGETED_DEVICE_FAMILY = 1;
			};
			name = Release;
		};
		B00F86191A1BD0630005847C /* Debug */ = {
			isa = XCBuildConfiguration;
			buildSettings = {
				BUNDLE_LOADER = "$(TEST_HOST)";
				FRAMEWORK_SEARCH_PATHS = (
					"$(SDKROOT)/Developer/Library/Frameworks",
					"$(inherited)",
				);
				GCC_PREPROCESSOR_DEFINITIONS = (
					"DEBUG=1",
					"$(inherited)",
				);
				INFOPLIST_FILE = TamagotchiAppTests/Info.plist;
				LD_RUNPATH_SEARCH_PATHS = "$(inherited) @executable_path/Frameworks @loader_path/Frameworks";
				PRODUCT_NAME = "$(TARGET_NAME)";
				TEST_HOST = "$(BUILT_PRODUCTS_DIR)/TamagotchiApp.app/TamagotchiApp";
			};
			name = Debug;
		};
		B00F861A1A1BD0630005847C /* Release */ = {
			isa = XCBuildConfiguration;
			buildSettings = {
				BUNDLE_LOADER = "$(TEST_HOST)";
				FRAMEWORK_SEARCH_PATHS = (
					"$(SDKROOT)/Developer/Library/Frameworks",
					"$(inherited)",
				);
				INFOPLIST_FILE = TamagotchiAppTests/Info.plist;
				LD_RUNPATH_SEARCH_PATHS = "$(inherited) @executable_path/Frameworks @loader_path/Frameworks";
				PRODUCT_NAME = "$(TARGET_NAME)";
				TEST_HOST = "$(BUILT_PRODUCTS_DIR)/TamagotchiApp.app/TamagotchiApp";
			};
			name = Release;
		};
/* End XCBuildConfiguration section */

/* Begin XCConfigurationList section */
		B00F85ED1A1BD0630005847C /* Build configuration list for PBXProject "TamagotchiApp" */ = {
			isa = XCConfigurationList;
			buildConfigurations = (
				B00F86131A1BD0630005847C /* Debug */,
				B00F86141A1BD0630005847C /* Release */,
			);
			defaultConfigurationIsVisible = 0;
			defaultConfigurationName = Release;
		};
		B00F86151A1BD0630005847C /* Build configuration list for PBXNativeTarget "TamagotchiApp" */ = {
			isa = XCConfigurationList;
			buildConfigurations = (
				B00F86161A1BD0630005847C /* Debug */,
				B00F86171A1BD0630005847C /* Release */,
			);
			defaultConfigurationIsVisible = 0;
			defaultConfigurationName = Release;
		};
		B00F86181A1BD0630005847C /* Build configuration list for PBXNativeTarget "TamagotchiAppTests" */ = {
			isa = XCConfigurationList;
			buildConfigurations = (
				B00F86191A1BD0630005847C /* Debug */,
				B00F861A1A1BD0630005847C /* Release */,
			);
			defaultConfigurationIsVisible = 0;
			defaultConfigurationName = Release;
		};
/* End XCConfigurationList section */
	};
	rootObject = B00F85EA1A1BD0630005847C /* Project object */;
}
