// !$*UTF8*$!
{
	archiveVersion = 1;
	classes = {
	};
	objectVersion = 46;
	objects = {

/* Begin PBXBuildFile section */
		B00E078B1A2791EB0004320C /* Food.m in Sources */ = {isa = PBXBuildFile; fileRef = B00E07881A2791EB0004320C /* Food.m */; };
		B00E078C1A2791EB0004320C /* Pet.m in Sources */ = {isa = PBXBuildFile; fileRef = B00E078A1A2791EB0004320C /* Pet.m */; };
		B00E07B31A2792560004320C /* AFHTTPRequestOperation.m in Sources */ = {isa = PBXBuildFile; fileRef = B00E078F1A2792560004320C /* AFHTTPRequestOperation.m */; };
		B00E07B41A2792560004320C /* AFHTTPRequestOperationManager.m in Sources */ = {isa = PBXBuildFile; fileRef = B00E07911A2792560004320C /* AFHTTPRequestOperationManager.m */; };
		B00E07B51A2792560004320C /* AFHTTPSessionManager.m in Sources */ = {isa = PBXBuildFile; fileRef = B00E07931A2792560004320C /* AFHTTPSessionManager.m */; };
		B00E07B61A2792560004320C /* AFNetworkReachabilityManager.m in Sources */ = {isa = PBXBuildFile; fileRef = B00E07961A2792560004320C /* AFNetworkReachabilityManager.m */; };
		B00E07B71A2792560004320C /* AFSecurityPolicy.m in Sources */ = {isa = PBXBuildFile; fileRef = B00E07981A2792560004320C /* AFSecurityPolicy.m */; };
		B00E07B81A2792560004320C /* AFURLConnectionOperation.m in Sources */ = {isa = PBXBuildFile; fileRef = B00E079A1A2792560004320C /* AFURLConnectionOperation.m */; };
		B00E07B91A2792560004320C /* AFURLRequestSerialization.m in Sources */ = {isa = PBXBuildFile; fileRef = B00E079C1A2792560004320C /* AFURLRequestSerialization.m */; };
		B00E07BA1A2792560004320C /* AFURLResponseSerialization.m in Sources */ = {isa = PBXBuildFile; fileRef = B00E079E1A2792560004320C /* AFURLResponseSerialization.m */; };
		B00E07BB1A2792560004320C /* AFURLSessionManager.m in Sources */ = {isa = PBXBuildFile; fileRef = B00E07A01A2792560004320C /* AFURLSessionManager.m */; };
		B00E07BC1A2792560004320C /* AFNetworkActivityIndicatorManager.m in Sources */ = {isa = PBXBuildFile; fileRef = B00E07A31A2792560004320C /* AFNetworkActivityIndicatorManager.m */; };
		B00E07BD1A2792560004320C /* UIActivityIndicatorView+AFNetworking.m in Sources */ = {isa = PBXBuildFile; fileRef = B00E07A51A2792560004320C /* UIActivityIndicatorView+AFNetworking.m */; };
		B00E07BE1A2792560004320C /* UIAlertView+AFNetworking.m in Sources */ = {isa = PBXBuildFile; fileRef = B00E07A71A2792560004320C /* UIAlertView+AFNetworking.m */; };
		B00E07BF1A2792560004320C /* UIButton+AFNetworking.m in Sources */ = {isa = PBXBuildFile; fileRef = B00E07A91A2792560004320C /* UIButton+AFNetworking.m */; };
		B00E07C01A2792560004320C /* UIImageView+AFNetworking.m in Sources */ = {isa = PBXBuildFile; fileRef = B00E07AB1A2792560004320C /* UIImageView+AFNetworking.m */; };
		B00E07C11A2792560004320C /* UIProgressView+AFNetworking.m in Sources */ = {isa = PBXBuildFile; fileRef = B00E07AE1A2792560004320C /* UIProgressView+AFNetworking.m */; };
		B00E07C21A2792560004320C /* UIRefreshControl+AFNetworking.m in Sources */ = {isa = PBXBuildFile; fileRef = B00E07B01A2792560004320C /* UIRefreshControl+AFNetworking.m */; };
		B00E07C31A2792560004320C /* UIWebView+AFNetworking.m in Sources */ = {isa = PBXBuildFile; fileRef = B00E07B21A2792560004320C /* UIWebView+AFNetworking.m */; };
		B00E07C61A27929F0004320C /* NetworkManager.m in Sources */ = {isa = PBXBuildFile; fileRef = B00E07C51A27929F0004320C /* NetworkManager.m */; };
		B00F85F81A1BD0630005847C /* main.m in Sources */ = {isa = PBXBuildFile; fileRef = B00F85F71A1BD0630005847C /* main.m */; };
		B00F85FB1A1BD0630005847C /* AppDelegate.m in Sources */ = {isa = PBXBuildFile; fileRef = B00F85FA1A1BD0630005847C /* AppDelegate.m */; };
		B00F86031A1BD0630005847C /* Images.xcassets in Resources */ = {isa = PBXBuildFile; fileRef = B00F86021A1BD0630005847C /* Images.xcassets */; };
		B00F86121A1BD0630005847C /* TamagotchiAppTests.m in Sources */ = {isa = PBXBuildFile; fileRef = B00F86111A1BD0630005847C /* TamagotchiAppTests.m */; };
		B018C36E1A291A58003ADA05 /* RankingViewController.m in Sources */ = {isa = PBXBuildFile; fileRef = B018C36C1A291A58003ADA05 /* RankingViewController.m */; };
		B018C36F1A291A58003ADA05 /* RankingViewController.xib in Resources */ = {isa = PBXBuildFile; fileRef = B018C36D1A291A58003ADA05 /* RankingViewController.xib */; };
		B018C3781A292618003ADA05 /* RankingCell.m in Sources */ = {isa = PBXBuildFile; fileRef = B018C3761A292618003ADA05 /* RankingCell.m */; };
		B018C3791A292618003ADA05 /* RankingCell.xib in Resources */ = {isa = PBXBuildFile; fileRef = B018C3771A292618003ADA05 /* RankingCell.xib */; };
		B01DE4BB1A1F501800E2C7DF /* Food.plist in Resources */ = {isa = PBXBuildFile; fileRef = B01DE4BA1A1F501800E2C7DF /* Food.plist */; };
		B0822DA91A28D24400EFDD4E /* MessageUI.framework in Frameworks */ = {isa = PBXBuildFile; fileRef = B0822DA81A28D24400EFDD4E /* MessageUI.framework */; };
		B0822DAB1A28D25800EFDD4E /* AudioToolbox.framework in Frameworks */ = {isa = PBXBuildFile; fileRef = B0822DAA1A28D25800EFDD4E /* AudioToolbox.framework */; };
		B0822DAD1A28D26400EFDD4E /* CFNetwork.framework in Frameworks */ = {isa = PBXBuildFile; fileRef = B0822DAC1A28D26400EFDD4E /* CFNetwork.framework */; };
		B0822DAF1A28D27000EFDD4E /* CoreGraphics.framework in Frameworks */ = {isa = PBXBuildFile; fileRef = B0822DAE1A28D27000EFDD4E /* CoreGraphics.framework */; };
		B0822DB11A28D27A00EFDD4E /* CoreLocation.framework in Frameworks */ = {isa = PBXBuildFile; fileRef = B0822DB01A28D27A00EFDD4E /* CoreLocation.framework */; };
		B0822DB31A28D28A00EFDD4E /* libz.dylib in Frameworks */ = {isa = PBXBuildFile; fileRef = B0822DB21A28D28A00EFDD4E /* libz.dylib */; };
		B0822DB51A28D2A500EFDD4E /* MobileCoreServices.framework in Frameworks */ = {isa = PBXBuildFile; fileRef = B0822DB41A28D2A500EFDD4E /* MobileCoreServices.framework */; };
		B0822DB71A28D2AC00EFDD4E /* QuartzCore.framework in Frameworks */ = {isa = PBXBuildFile; fileRef = B0822DB61A28D2AC00EFDD4E /* QuartzCore.framework */; };
		B0822DB91A28D2B900EFDD4E /* Security.framework in Frameworks */ = {isa = PBXBuildFile; fileRef = B0822DB81A28D2B900EFDD4E /* Security.framework */; };
		B0822DBB1A28D2C100EFDD4E /* StoreKit.framework in Frameworks */ = {isa = PBXBuildFile; fileRef = B0822DBA1A28D2C100EFDD4E /* StoreKit.framework */; };
		B0822DBD1A28D2D800EFDD4E /* SystemConfiguration.framework in Frameworks */ = {isa = PBXBuildFile; fileRef = B0822DBC1A28D2D800EFDD4E /* SystemConfiguration.framework */; };
		B0822DC01A28D2F100EFDD4E /* Bolts.framework in Frameworks */ = {isa = PBXBuildFile; fileRef = B0822DBE1A28D2F100EFDD4E /* Bolts.framework */; };
		B0822DC11A28D2F100EFDD4E /* Parse.framework in Frameworks */ = {isa = PBXBuildFile; fileRef = B0822DBF1A28D2F100EFDD4E /* Parse.framework */; };
		B0822DC41A28F85600EFDD4E /* PushNotificationManager.m in Sources */ = {isa = PBXBuildFile; fileRef = B0822DC31A28F85600EFDD4E /* PushNotificationManager.m */; };
		B088FE5C1A1E46A800C19810 /* SelectFoodViewController.m in Sources */ = {isa = PBXBuildFile; fileRef = B088FE5A1A1E46A800C19810 /* SelectFoodViewController.m */; };
		B088FE5D1A1E46A800C19810 /* SelectFoodViewController.xib in Resources */ = {isa = PBXBuildFile; fileRef = B088FE5B1A1E46A800C19810 /* SelectFoodViewController.xib */; };
		B088FE701A1E70DD00C19810 /* FoodCell.m in Sources */ = {isa = PBXBuildFile; fileRef = B088FE6E1A1E70DD00C19810 /* FoodCell.m */; };
		B088FE711A1E70DD00C19810 /* FoodCell.xib in Resources */ = {isa = PBXBuildFile; fileRef = B088FE6F1A1E70DD00C19810 /* FoodCell.xib */; };
		B0BE413B1A2CE1750079C2EB /* MyPet.m in Sources */ = {isa = PBXBuildFile; fileRef = B0BE413A1A2CE1750079C2EB /* MyPet.m */; };
		B0BE413E1A2D066D0079C2EB /* LocationManager.m in Sources */ = {isa = PBXBuildFile; fileRef = B0BE413D1A2D066D0079C2EB /* LocationManager.m */; };
		B0BE41401A2D074A0079C2EB /* MapKit.framework in Frameworks */ = {isa = PBXBuildFile; fileRef = B0BE413F1A2D074A0079C2EB /* MapKit.framework */; };
		B0BE41491A2D0B630079C2EB /* MapViewController.m in Sources */ = {isa = PBXBuildFile; fileRef = B0BE41471A2D0B630079C2EB /* MapViewController.m */; };
		B0BE414A1A2D0B630079C2EB /* MapViewController.xib in Resources */ = {isa = PBXBuildFile; fileRef = B0BE41481A2D0B630079C2EB /* MapViewController.xib */; };
		B0D35F661A1BD4D90059E6AC /* WelcomeViewController.m in Sources */ = {isa = PBXBuildFile; fileRef = B0D35F641A1BD4D90059E6AC /* WelcomeViewController.m */; };
		B0D35F671A1BD4D90059E6AC /* WelcomeViewController.xib in Resources */ = {isa = PBXBuildFile; fileRef = B0D35F651A1BD4D90059E6AC /* WelcomeViewController.xib */; };
		B0D35F6B1A1BD52F0059E6AC /* SelectImageViewController.m in Sources */ = {isa = PBXBuildFile; fileRef = B0D35F691A1BD52F0059E6AC /* SelectImageViewController.m */; };
		B0D35F6C1A1BD52F0059E6AC /* SelectImageViewController.xib in Resources */ = {isa = PBXBuildFile; fileRef = B0D35F6A1A1BD52F0059E6AC /* SelectImageViewController.xib */; };
		B0D3607E1A1BE2C70059E6AC /* ShowEnergyViewController.m in Sources */ = {isa = PBXBuildFile; fileRef = B0D3607C1A1BE2C70059E6AC /* ShowEnergyViewController.m */; };
		B0D3607F1A1BE2C70059E6AC /* ShowEnergyViewController.xib in Resources */ = {isa = PBXBuildFile; fileRef = B0D3607D1A1BE2C70059E6AC /* ShowEnergyViewController.xib */; };
/* End PBXBuildFile section */

/* Begin PBXContainerItemProxy section */
		B00F860C1A1BD0630005847C /* PBXContainerItemProxy */ = {
			isa = PBXContainerItemProxy;
			containerPortal = B00F85EA1A1BD0630005847C /* Project object */;
			proxyType = 1;
			remoteGlobalIDString = B00F85F11A1BD0630005847C;
			remoteInfo = TamagotchiApp;
		};
/* End PBXContainerItemProxy section */

/* Begin PBXFileReference section */
		B00E07871A2791EB0004320C /* Food.h */ = {isa = PBXFileReference; fileEncoding = 4; lastKnownFileType = sourcecode.c.h; path = Food.h; sourceTree = "<group>"; };
		B00E07881A2791EB0004320C /* Food.m */ = {isa = PBXFileReference; fileEncoding = 4; lastKnownFileType = sourcecode.c.objc; path = Food.m; sourceTree = "<group>"; };
		B00E07891A2791EB0004320C /* Pet.h */ = {isa = PBXFileReference; fileEncoding = 4; lastKnownFileType = sourcecode.c.h; path = Pet.h; sourceTree = "<group>"; };
		B00E078A1A2791EB0004320C /* Pet.m */ = {isa = PBXFileReference; fileEncoding = 4; lastKnownFileType = sourcecode.c.objc; path = Pet.m; sourceTree = "<group>"; };
		B00E078E1A2792560004320C /* AFHTTPRequestOperation.h */ = {isa = PBXFileReference; fileEncoding = 4; lastKnownFileType = sourcecode.c.h; path = AFHTTPRequestOperation.h; sourceTree = "<group>"; };
		B00E078F1A2792560004320C /* AFHTTPRequestOperation.m */ = {isa = PBXFileReference; fileEncoding = 4; lastKnownFileType = sourcecode.c.objc; path = AFHTTPRequestOperation.m; sourceTree = "<group>"; };
		B00E07901A2792560004320C /* AFHTTPRequestOperationManager.h */ = {isa = PBXFileReference; fileEncoding = 4; lastKnownFileType = sourcecode.c.h; path = AFHTTPRequestOperationManager.h; sourceTree = "<group>"; };
		B00E07911A2792560004320C /* AFHTTPRequestOperationManager.m */ = {isa = PBXFileReference; fileEncoding = 4; lastKnownFileType = sourcecode.c.objc; path = AFHTTPRequestOperationManager.m; sourceTree = "<group>"; };
		B00E07921A2792560004320C /* AFHTTPSessionManager.h */ = {isa = PBXFileReference; fileEncoding = 4; lastKnownFileType = sourcecode.c.h; path = AFHTTPSessionManager.h; sourceTree = "<group>"; };
		B00E07931A2792560004320C /* AFHTTPSessionManager.m */ = {isa = PBXFileReference; fileEncoding = 4; lastKnownFileType = sourcecode.c.objc; path = AFHTTPSessionManager.m; sourceTree = "<group>"; };
		B00E07941A2792560004320C /* AFNetworking.h */ = {isa = PBXFileReference; fileEncoding = 4; lastKnownFileType = sourcecode.c.h; path = AFNetworking.h; sourceTree = "<group>"; };
		B00E07951A2792560004320C /* AFNetworkReachabilityManager.h */ = {isa = PBXFileReference; fileEncoding = 4; lastKnownFileType = sourcecode.c.h; path = AFNetworkReachabilityManager.h; sourceTree = "<group>"; };
		B00E07961A2792560004320C /* AFNetworkReachabilityManager.m */ = {isa = PBXFileReference; fileEncoding = 4; lastKnownFileType = sourcecode.c.objc; path = AFNetworkReachabilityManager.m; sourceTree = "<group>"; };
		B00E07971A2792560004320C /* AFSecurityPolicy.h */ = {isa = PBXFileReference; fileEncoding = 4; lastKnownFileType = sourcecode.c.h; path = AFSecurityPolicy.h; sourceTree = "<group>"; };
		B00E07981A2792560004320C /* AFSecurityPolicy.m */ = {isa = PBXFileReference; fileEncoding = 4; lastKnownFileType = sourcecode.c.objc; path = AFSecurityPolicy.m; sourceTree = "<group>"; };
		B00E07991A2792560004320C /* AFURLConnectionOperation.h */ = {isa = PBXFileReference; fileEncoding = 4; lastKnownFileType = sourcecode.c.h; path = AFURLConnectionOperation.h; sourceTree = "<group>"; };
		B00E079A1A2792560004320C /* AFURLConnectionOperation.m */ = {isa = PBXFileReference; fileEncoding = 4; lastKnownFileType = sourcecode.c.objc; path = AFURLConnectionOperation.m; sourceTree = "<group>"; };
		B00E079B1A2792560004320C /* AFURLRequestSerialization.h */ = {isa = PBXFileReference; fileEncoding = 4; lastKnownFileType = sourcecode.c.h; path = AFURLRequestSerialization.h; sourceTree = "<group>"; };
		B00E079C1A2792560004320C /* AFURLRequestSerialization.m */ = {isa = PBXFileReference; fileEncoding = 4; lastKnownFileType = sourcecode.c.objc; path = AFURLRequestSerialization.m; sourceTree = "<group>"; };
		B00E079D1A2792560004320C /* AFURLResponseSerialization.h */ = {isa = PBXFileReference; fileEncoding = 4; lastKnownFileType = sourcecode.c.h; path = AFURLResponseSerialization.h; sourceTree = "<group>"; };
		B00E079E1A2792560004320C /* AFURLResponseSerialization.m */ = {isa = PBXFileReference; fileEncoding = 4; lastKnownFileType = sourcecode.c.objc; path = AFURLResponseSerialization.m; sourceTree = "<group>"; };
		B00E079F1A2792560004320C /* AFURLSessionManager.h */ = {isa = PBXFileReference; fileEncoding = 4; lastKnownFileType = sourcecode.c.h; path = AFURLSessionManager.h; sourceTree = "<group>"; };
		B00E07A01A2792560004320C /* AFURLSessionManager.m */ = {isa = PBXFileReference; fileEncoding = 4; lastKnownFileType = sourcecode.c.objc; path = AFURLSessionManager.m; sourceTree = "<group>"; };
		B00E07A21A2792560004320C /* AFNetworkActivityIndicatorManager.h */ = {isa = PBXFileReference; fileEncoding = 4; lastKnownFileType = sourcecode.c.h; path = AFNetworkActivityIndicatorManager.h; sourceTree = "<group>"; };
		B00E07A31A2792560004320C /* AFNetworkActivityIndicatorManager.m */ = {isa = PBXFileReference; fileEncoding = 4; lastKnownFileType = sourcecode.c.objc; path = AFNetworkActivityIndicatorManager.m; sourceTree = "<group>"; };
		B00E07A41A2792560004320C /* UIActivityIndicatorView+AFNetworking.h */ = {isa = PBXFileReference; fileEncoding = 4; lastKnownFileType = sourcecode.c.h; path = "UIActivityIndicatorView+AFNetworking.h"; sourceTree = "<group>"; };
		B00E07A51A2792560004320C /* UIActivityIndicatorView+AFNetworking.m */ = {isa = PBXFileReference; fileEncoding = 4; lastKnownFileType = sourcecode.c.objc; path = "UIActivityIndicatorView+AFNetworking.m"; sourceTree = "<group>"; };
		B00E07A61A2792560004320C /* UIAlertView+AFNetworking.h */ = {isa = PBXFileReference; fileEncoding = 4; lastKnownFileType = sourcecode.c.h; path = "UIAlertView+AFNetworking.h"; sourceTree = "<group>"; };
		B00E07A71A2792560004320C /* UIAlertView+AFNetworking.m */ = {isa = PBXFileReference; fileEncoding = 4; lastKnownFileType = sourcecode.c.objc; path = "UIAlertView+AFNetworking.m"; sourceTree = "<group>"; };
		B00E07A81A2792560004320C /* UIButton+AFNetworking.h */ = {isa = PBXFileReference; fileEncoding = 4; lastKnownFileType = sourcecode.c.h; path = "UIButton+AFNetworking.h"; sourceTree = "<group>"; };
		B00E07A91A2792560004320C /* UIButton+AFNetworking.m */ = {isa = PBXFileReference; fileEncoding = 4; lastKnownFileType = sourcecode.c.objc; path = "UIButton+AFNetworking.m"; sourceTree = "<group>"; };
		B00E07AA1A2792560004320C /* UIImageView+AFNetworking.h */ = {isa = PBXFileReference; fileEncoding = 4; lastKnownFileType = sourcecode.c.h; path = "UIImageView+AFNetworking.h"; sourceTree = "<group>"; };
		B00E07AB1A2792560004320C /* UIImageView+AFNetworking.m */ = {isa = PBXFileReference; fileEncoding = 4; lastKnownFileType = sourcecode.c.objc; path = "UIImageView+AFNetworking.m"; sourceTree = "<group>"; };
		B00E07AC1A2792560004320C /* UIKit+AFNetworking.h */ = {isa = PBXFileReference; fileEncoding = 4; lastKnownFileType = sourcecode.c.h; path = "UIKit+AFNetworking.h"; sourceTree = "<group>"; };
		B00E07AD1A2792560004320C /* UIProgressView+AFNetworking.h */ = {isa = PBXFileReference; fileEncoding = 4; lastKnownFileType = sourcecode.c.h; path = "UIProgressView+AFNetworking.h"; sourceTree = "<group>"; };
		B00E07AE1A2792560004320C /* UIProgressView+AFNetworking.m */ = {isa = PBXFileReference; fileEncoding = 4; lastKnownFileType = sourcecode.c.objc; path = "UIProgressView+AFNetworking.m"; sourceTree = "<group>"; };
		B00E07AF1A2792560004320C /* UIRefreshControl+AFNetworking.h */ = {isa = PBXFileReference; fileEncoding = 4; lastKnownFileType = sourcecode.c.h; path = "UIRefreshControl+AFNetworking.h"; sourceTree = "<group>"; };
		B00E07B01A2792560004320C /* UIRefreshControl+AFNetworking.m */ = {isa = PBXFileReference; fileEncoding = 4; lastKnownFileType = sourcecode.c.objc; path = "UIRefreshControl+AFNetworking.m"; sourceTree = "<group>"; };
		B00E07B11A2792560004320C /* UIWebView+AFNetworking.h */ = {isa = PBXFileReference; fileEncoding = 4; lastKnownFileType = sourcecode.c.h; path = "UIWebView+AFNetworking.h"; sourceTree = "<group>"; };
		B00E07B21A2792560004320C /* UIWebView+AFNetworking.m */ = {isa = PBXFileReference; fileEncoding = 4; lastKnownFileType = sourcecode.c.objc; path = "UIWebView+AFNetworking.m"; sourceTree = "<group>"; };
		B00E07C41A27929F0004320C /* NetworkManager.h */ = {isa = PBXFileReference; fileEncoding = 4; lastKnownFileType = sourcecode.c.h; path = NetworkManager.h; sourceTree = "<group>"; };
		B00E07C51A27929F0004320C /* NetworkManager.m */ = {isa = PBXFileReference; fileEncoding = 4; lastKnownFileType = sourcecode.c.objc; path = NetworkManager.m; sourceTree = "<group>"; };
		B00F85F21A1BD0630005847C /* TamagotchiApp.app */ = {isa = PBXFileReference; explicitFileType = wrapper.application; includeInIndex = 0; path = TamagotchiApp.app; sourceTree = BUILT_PRODUCTS_DIR; };
		B00F85F61A1BD0630005847C /* Info.plist */ = {isa = PBXFileReference; lastKnownFileType = text.plist.xml; path = Info.plist; sourceTree = "<group>"; };
		B00F85F71A1BD0630005847C /* main.m */ = {isa = PBXFileReference; lastKnownFileType = sourcecode.c.objc; path = main.m; sourceTree = "<group>"; };
		B00F85F91A1BD0630005847C /* AppDelegate.h */ = {isa = PBXFileReference; lastKnownFileType = sourcecode.c.h; path = AppDelegate.h; sourceTree = "<group>"; };
		B00F85FA1A1BD0630005847C /* AppDelegate.m */ = {isa = PBXFileReference; lastKnownFileType = sourcecode.c.objc; path = AppDelegate.m; sourceTree = "<group>"; };
		B00F86021A1BD0630005847C /* Images.xcassets */ = {isa = PBXFileReference; lastKnownFileType = folder.assetcatalog; path = Images.xcassets; sourceTree = "<group>"; };
		B00F860B1A1BD0630005847C /* TamagotchiAppTests.xctest */ = {isa = PBXFileReference; explicitFileType = wrapper.cfbundle; includeInIndex = 0; path = TamagotchiAppTests.xctest; sourceTree = BUILT_PRODUCTS_DIR; };
		B00F86101A1BD0630005847C /* Info.plist */ = {isa = PBXFileReference; lastKnownFileType = text.plist.xml; path = Info.plist; sourceTree = "<group>"; };
		B00F86111A1BD0630005847C /* TamagotchiAppTests.m */ = {isa = PBXFileReference; lastKnownFileType = sourcecode.c.objc; path = TamagotchiAppTests.m; sourceTree = "<group>"; };
		B018C36B1A291A58003ADA05 /* RankingViewController.h */ = {isa = PBXFileReference; fileEncoding = 4; lastKnownFileType = sourcecode.c.h; path = RankingViewController.h; sourceTree = "<group>"; };
		B018C36C1A291A58003ADA05 /* RankingViewController.m */ = {isa = PBXFileReference; fileEncoding = 4; lastKnownFileType = sourcecode.c.objc; path = RankingViewController.m; sourceTree = "<group>"; };
		B018C36D1A291A58003ADA05 /* RankingViewController.xib */ = {isa = PBXFileReference; fileEncoding = 4; lastKnownFileType = file.xib; path = RankingViewController.xib; sourceTree = "<group>"; };
		B018C3751A292618003ADA05 /* RankingCell.h */ = {isa = PBXFileReference; fileEncoding = 4; lastKnownFileType = sourcecode.c.h; path = RankingCell.h; sourceTree = "<group>"; };
		B018C3761A292618003ADA05 /* RankingCell.m */ = {isa = PBXFileReference; fileEncoding = 4; lastKnownFileType = sourcecode.c.objc; path = RankingCell.m; sourceTree = "<group>"; };
		B018C3771A292618003ADA05 /* RankingCell.xib */ = {isa = PBXFileReference; fileEncoding = 4; lastKnownFileType = file.xib; path = RankingCell.xib; sourceTree = "<group>"; };
		B01DE4BA1A1F501800E2C7DF /* Food.plist */ = {isa = PBXFileReference; fileEncoding = 4; lastKnownFileType = text.plist.xml; path = Food.plist; sourceTree = "<group>"; };
		B0822DA81A28D24400EFDD4E /* MessageUI.framework */ = {isa = PBXFileReference; lastKnownFileType = wrapper.framework; name = MessageUI.framework; path = System/Library/Frameworks/MessageUI.framework; sourceTree = SDKROOT; };
		B0822DAA1A28D25800EFDD4E /* AudioToolbox.framework */ = {isa = PBXFileReference; lastKnownFileType = wrapper.framework; name = AudioToolbox.framework; path = System/Library/Frameworks/AudioToolbox.framework; sourceTree = SDKROOT; };
		B0822DAC1A28D26400EFDD4E /* CFNetwork.framework */ = {isa = PBXFileReference; lastKnownFileType = wrapper.framework; name = CFNetwork.framework; path = System/Library/Frameworks/CFNetwork.framework; sourceTree = SDKROOT; };
		B0822DAE1A28D27000EFDD4E /* CoreGraphics.framework */ = {isa = PBXFileReference; lastKnownFileType = wrapper.framework; name = CoreGraphics.framework; path = System/Library/Frameworks/CoreGraphics.framework; sourceTree = SDKROOT; };
		B0822DB01A28D27A00EFDD4E /* CoreLocation.framework */ = {isa = PBXFileReference; lastKnownFileType = wrapper.framework; name = CoreLocation.framework; path = System/Library/Frameworks/CoreLocation.framework; sourceTree = SDKROOT; };
		B0822DB21A28D28A00EFDD4E /* libz.dylib */ = {isa = PBXFileReference; lastKnownFileType = "compiled.mach-o.dylib"; name = libz.dylib; path = usr/lib/libz.dylib; sourceTree = SDKROOT; };
		B0822DB41A28D2A500EFDD4E /* MobileCoreServices.framework */ = {isa = PBXFileReference; lastKnownFileType = wrapper.framework; name = MobileCoreServices.framework; path = System/Library/Frameworks/MobileCoreServices.framework; sourceTree = SDKROOT; };
		B0822DB61A28D2AC00EFDD4E /* QuartzCore.framework */ = {isa = PBXFileReference; lastKnownFileType = wrapper.framework; name = QuartzCore.framework; path = System/Library/Frameworks/QuartzCore.framework; sourceTree = SDKROOT; };
		B0822DB81A28D2B900EFDD4E /* Security.framework */ = {isa = PBXFileReference; lastKnownFileType = wrapper.framework; name = Security.framework; path = System/Library/Frameworks/Security.framework; sourceTree = SDKROOT; };
		B0822DBA1A28D2C100EFDD4E /* StoreKit.framework */ = {isa = PBXFileReference; lastKnownFileType = wrapper.framework; name = StoreKit.framework; path = System/Library/Frameworks/StoreKit.framework; sourceTree = SDKROOT; };
		B0822DBC1A28D2D800EFDD4E /* SystemConfiguration.framework */ = {isa = PBXFileReference; lastKnownFileType = wrapper.framework; name = SystemConfiguration.framework; path = System/Library/Frameworks/SystemConfiguration.framework; sourceTree = SDKROOT; };
		B0822DBE1A28D2F100EFDD4E /* Bolts.framework */ = {isa = PBXFileReference; lastKnownFileType = wrapper.framework; name = Bolts.framework; path = "../../../Downloads/parse-library-1-2/Bolts.framework"; sourceTree = "<group>"; };
		B0822DBF1A28D2F100EFDD4E /* Parse.framework */ = {isa = PBXFileReference; lastKnownFileType = wrapper.framework; name = Parse.framework; path = "../../../Downloads/parse-library-1-2/Parse.framework"; sourceTree = "<group>"; };
		B0822DC21A28F85600EFDD4E /* PushNotificationManager.h */ = {isa = PBXFileReference; fileEncoding = 4; lastKnownFileType = sourcecode.c.h; path = PushNotificationManager.h; sourceTree = "<group>"; };
		B0822DC31A28F85600EFDD4E /* PushNotificationManager.m */ = {isa = PBXFileReference; fileEncoding = 4; lastKnownFileType = sourcecode.c.objc; path = PushNotificationManager.m; sourceTree = "<group>"; };
		B088FE591A1E46A800C19810 /* SelectFoodViewController.h */ = {isa = PBXFileReference; fileEncoding = 4; lastKnownFileType = sourcecode.c.h; name = SelectFoodViewController.h; path = Views/SelectFood/SelectFoodViewController.h; sourceTree = "<group>"; };
		B088FE5A1A1E46A800C19810 /* SelectFoodViewController.m */ = {isa = PBXFileReference; fileEncoding = 4; lastKnownFileType = sourcecode.c.objc; name = SelectFoodViewController.m; path = Views/SelectFood/SelectFoodViewController.m; sourceTree = "<group>"; };
		B088FE5B1A1E46A800C19810 /* SelectFoodViewController.xib */ = {isa = PBXFileReference; fileEncoding = 4; lastKnownFileType = file.xib; name = SelectFoodViewController.xib; path = Views/SelectFood/SelectFoodViewController.xib; sourceTree = "<group>"; };
		B088FE6D1A1E70DD00C19810 /* FoodCell.h */ = {isa = PBXFileReference; fileEncoding = 4; lastKnownFileType = sourcecode.c.h; name = FoodCell.h; path = Views/SelectFood/FoodCell.h; sourceTree = "<group>"; };
		B088FE6E1A1E70DD00C19810 /* FoodCell.m */ = {isa = PBXFileReference; fileEncoding = 4; lastKnownFileType = sourcecode.c.objc; name = FoodCell.m; path = Views/SelectFood/FoodCell.m; sourceTree = "<group>"; };
		B088FE6F1A1E70DD00C19810 /* FoodCell.xib */ = {isa = PBXFileReference; fileEncoding = 4; lastKnownFileType = file.xib; name = FoodCell.xib; path = Views/SelectFood/FoodCell.xib; sourceTree = "<group>"; };
		B0BE41391A2CE1750079C2EB /* MyPet.h */ = {isa = PBXFileReference; fileEncoding = 4; lastKnownFileType = sourcecode.c.h; path = MyPet.h; sourceTree = "<group>"; };
		B0BE413A1A2CE1750079C2EB /* MyPet.m */ = {isa = PBXFileReference; fileEncoding = 4; lastKnownFileType = sourcecode.c.objc; path = MyPet.m; sourceTree = "<group>"; };
		B0BE413C1A2D066D0079C2EB /* LocationManager.h */ = {isa = PBXFileReference; fileEncoding = 4; lastKnownFileType = sourcecode.c.h; path = LocationManager.h; sourceTree = "<group>"; };
		B0BE413D1A2D066D0079C2EB /* LocationManager.m */ = {isa = PBXFileReference; fileEncoding = 4; lastKnownFileType = sourcecode.c.objc; path = LocationManager.m; sourceTree = "<group>"; };
		B0BE413F1A2D074A0079C2EB /* MapKit.framework */ = {isa = PBXFileReference; lastKnownFileType = wrapper.framework; name = MapKit.framework; path = System/Library/Frameworks/MapKit.framework; sourceTree = SDKROOT; };
		B0BE41461A2D0B630079C2EB /* MapViewController.h */ = {isa = PBXFileReference; fileEncoding = 4; lastKnownFileType = sourcecode.c.h; path = MapViewController.h; sourceTree = "<group>"; };
		B0BE41471A2D0B630079C2EB /* MapViewController.m */ = {isa = PBXFileReference; fileEncoding = 4; lastKnownFileType = sourcecode.c.objc; path = MapViewController.m; sourceTree = "<group>"; };
		B0BE41481A2D0B630079C2EB /* MapViewController.xib */ = {isa = PBXFileReference; fileEncoding = 4; lastKnownFileType = file.xib; path = MapViewController.xib; sourceTree = "<group>"; };
		B0D35F631A1BD4D90059E6AC /* WelcomeViewController.h */ = {isa = PBXFileReference; fileEncoding = 4; lastKnownFileType = sourcecode.c.h; path = WelcomeViewController.h; sourceTree = "<group>"; };
		B0D35F641A1BD4D90059E6AC /* WelcomeViewController.m */ = {isa = PBXFileReference; fileEncoding = 4; lastKnownFileType = sourcecode.c.objc; path = WelcomeViewController.m; sourceTree = "<group>"; };
		B0D35F651A1BD4D90059E6AC /* WelcomeViewController.xib */ = {isa = PBXFileReference; fileEncoding = 4; lastKnownFileType = file.xib; path = WelcomeViewController.xib; sourceTree = "<group>"; };
		B0D35F681A1BD52F0059E6AC /* SelectImageViewController.h */ = {isa = PBXFileReference; fileEncoding = 4; lastKnownFileType = sourcecode.c.h; path = SelectImageViewController.h; sourceTree = "<group>"; };
		B0D35F691A1BD52F0059E6AC /* SelectImageViewController.m */ = {isa = PBXFileReference; fileEncoding = 4; lastKnownFileType = sourcecode.c.objc; path = SelectImageViewController.m; sourceTree = "<group>"; };
		B0D35F6A1A1BD52F0059E6AC /* SelectImageViewController.xib */ = {isa = PBXFileReference; fileEncoding = 4; lastKnownFileType = file.xib; path = SelectImageViewController.xib; sourceTree = "<group>"; };
		B0D3607B1A1BE2C70059E6AC /* ShowEnergyViewController.h */ = {isa = PBXFileReference; fileEncoding = 4; lastKnownFileType = sourcecode.c.h; path = ShowEnergyViewController.h; sourceTree = "<group>"; };
		B0D3607C1A1BE2C70059E6AC /* ShowEnergyViewController.m */ = {isa = PBXFileReference; fileEncoding = 4; lastKnownFileType = sourcecode.c.objc; path = ShowEnergyViewController.m; sourceTree = "<group>"; };
		B0D3607D1A1BE2C70059E6AC /* ShowEnergyViewController.xib */ = {isa = PBXFileReference; fileEncoding = 4; lastKnownFileType = file.xib; path = ShowEnergyViewController.xib; sourceTree = "<group>"; };
/* End PBXFileReference section */

/* Begin PBXFrameworksBuildPhase section */
		B00F85EF1A1BD0630005847C /* Frameworks */ = {
			isa = PBXFrameworksBuildPhase;
			buildActionMask = 2147483647;
			files = (
				B0BE41401A2D074A0079C2EB /* MapKit.framework in Frameworks */,
				B0822DC01A28D2F100EFDD4E /* Bolts.framework in Frameworks */,
				B0822DC11A28D2F100EFDD4E /* Parse.framework in Frameworks */,
				B0822DBD1A28D2D800EFDD4E /* SystemConfiguration.framework in Frameworks */,
				B0822DBB1A28D2C100EFDD4E /* StoreKit.framework in Frameworks */,
				B0822DB91A28D2B900EFDD4E /* Security.framework in Frameworks */,
				B0822DB71A28D2AC00EFDD4E /* QuartzCore.framework in Frameworks */,
				B0822DB51A28D2A500EFDD4E /* MobileCoreServices.framework in Frameworks */,
				B0822DB31A28D28A00EFDD4E /* libz.dylib in Frameworks */,
				B0822DB11A28D27A00EFDD4E /* CoreLocation.framework in Frameworks */,
				B0822DAF1A28D27000EFDD4E /* CoreGraphics.framework in Frameworks */,
				B0822DAD1A28D26400EFDD4E /* CFNetwork.framework in Frameworks */,
				B0822DAB1A28D25800EFDD4E /* AudioToolbox.framework in Frameworks */,
				B0822DA91A28D24400EFDD4E /* MessageUI.framework in Frameworks */,
			);
			runOnlyForDeploymentPostprocessing = 0;
		};
		B00F86081A1BD0630005847C /* Frameworks */ = {
			isa = PBXFrameworksBuildPhase;
			buildActionMask = 2147483647;
			files = (
			);
			runOnlyForDeploymentPostprocessing = 0;
		};
/* End PBXFrameworksBuildPhase section */

/* Begin PBXGroup section */
		B00E07861A2791220004320C /* Services */ = {
			isa = PBXGroup;
			children = (
				B00E07C41A27929F0004320C /* NetworkManager.h */,
				B00E07C51A27929F0004320C /* NetworkManager.m */,
				B0822DC21A28F85600EFDD4E /* PushNotificationManager.h */,
				B0822DC31A28F85600EFDD4E /* PushNotificationManager.m */,
				B0BE413C1A2D066D0079C2EB /* LocationManager.h */,
				B0BE413D1A2D066D0079C2EB /* LocationManager.m */,
			);
			path = Services;
			sourceTree = "<group>";
		};
		B00E078D1A2792560004320C /* AFNetworking */ = {
			isa = PBXGroup;
			children = (
				B00E078E1A2792560004320C /* AFHTTPRequestOperation.h */,
				B00E078F1A2792560004320C /* AFHTTPRequestOperation.m */,
				B00E07901A2792560004320C /* AFHTTPRequestOperationManager.h */,
				B00E07911A2792560004320C /* AFHTTPRequestOperationManager.m */,
				B00E07921A2792560004320C /* AFHTTPSessionManager.h */,
				B00E07931A2792560004320C /* AFHTTPSessionManager.m */,
				B00E07941A2792560004320C /* AFNetworking.h */,
				B00E07951A2792560004320C /* AFNetworkReachabilityManager.h */,
				B00E07961A2792560004320C /* AFNetworkReachabilityManager.m */,
				B00E07971A2792560004320C /* AFSecurityPolicy.h */,
				B00E07981A2792560004320C /* AFSecurityPolicy.m */,
				B00E07991A2792560004320C /* AFURLConnectionOperation.h */,
				B00E079A1A2792560004320C /* AFURLConnectionOperation.m */,
				B00E079B1A2792560004320C /* AFURLRequestSerialization.h */,
				B00E079C1A2792560004320C /* AFURLRequestSerialization.m */,
				B00E079D1A2792560004320C /* AFURLResponseSerialization.h */,
				B00E079E1A2792560004320C /* AFURLResponseSerialization.m */,
				B00E079F1A2792560004320C /* AFURLSessionManager.h */,
				B00E07A01A2792560004320C /* AFURLSessionManager.m */,
			);
			path = AFNetworking;
			sourceTree = "<group>";
		};
		B00E07A11A2792560004320C /* UIKit+AFNetworking */ = {
			isa = PBXGroup;
			children = (
				B00E07A21A2792560004320C /* AFNetworkActivityIndicatorManager.h */,
				B00E07A31A2792560004320C /* AFNetworkActivityIndicatorManager.m */,
				B00E07A41A2792560004320C /* UIActivityIndicatorView+AFNetworking.h */,
				B00E07A51A2792560004320C /* UIActivityIndicatorView+AFNetworking.m */,
				B00E07A61A2792560004320C /* UIAlertView+AFNetworking.h */,
				B00E07A71A2792560004320C /* UIAlertView+AFNetworking.m */,
				B00E07A81A2792560004320C /* UIButton+AFNetworking.h */,
				B00E07A91A2792560004320C /* UIButton+AFNetworking.m */,
				B00E07AA1A2792560004320C /* UIImageView+AFNetworking.h */,
				B00E07AB1A2792560004320C /* UIImageView+AFNetworking.m */,
				B00E07AC1A2792560004320C /* UIKit+AFNetworking.h */,
				B00E07AD1A2792560004320C /* UIProgressView+AFNetworking.h */,
				B00E07AE1A2792560004320C /* UIProgressView+AFNetworking.m */,
				B00E07AF1A2792560004320C /* UIRefreshControl+AFNetworking.h */,
				B00E07B01A2792560004320C /* UIRefreshControl+AFNetworking.m */,
				B00E07B11A2792560004320C /* UIWebView+AFNetworking.h */,
				B00E07B21A2792560004320C /* UIWebView+AFNetworking.m */,
			);
			path = "UIKit+AFNetworking";
			sourceTree = "<group>";
		};
		B00F85E91A1BD0630005847C = {
			isa = PBXGroup;
			children = (
				B0BE413F1A2D074A0079C2EB /* MapKit.framework */,
				B0822DBE1A28D2F100EFDD4E /* Bolts.framework */,
				B0822DBF1A28D2F100EFDD4E /* Parse.framework */,
				B0822DBC1A28D2D800EFDD4E /* SystemConfiguration.framework */,
				B0822DBA1A28D2C100EFDD4E /* StoreKit.framework */,
				B0822DB81A28D2B900EFDD4E /* Security.framework */,
				B0822DB61A28D2AC00EFDD4E /* QuartzCore.framework */,
				B0822DB41A28D2A500EFDD4E /* MobileCoreServices.framework */,
				B0822DB21A28D28A00EFDD4E /* libz.dylib */,
				B0822DB01A28D27A00EFDD4E /* CoreLocation.framework */,
				B0822DAE1A28D27000EFDD4E /* CoreGraphics.framework */,
				B0822DAC1A28D26400EFDD4E /* CFNetwork.framework */,
				B0822DAA1A28D25800EFDD4E /* AudioToolbox.framework */,
				B0822DA81A28D24400EFDD4E /* MessageUI.framework */,
				B00F85F41A1BD0630005847C /* TamagotchiApp */,
				B00F860E1A1BD0630005847C /* TamagotchiAppTests */,
				B00F85F31A1BD0630005847C /* Products */,
			);
			sourceTree = "<group>";
		};
		B00F85F31A1BD0630005847C /* Products */ = {
			isa = PBXGroup;
			children = (
				B00F85F21A1BD0630005847C /* TamagotchiApp.app */,
				B00F860B1A1BD0630005847C /* TamagotchiAppTests.xctest */,
			);
			name = Products;
			sourceTree = "<group>";
		};
		B00F85F41A1BD0630005847C /* TamagotchiApp */ = {
			isa = PBXGroup;
			children = (
				B00E07861A2791220004320C /* Services */,
				B0F823FA1A2642B6000195B2 /* Model */,
				B0F823F91A264265000195B2 /* ThirdPartiesLibraries */,
				B00F86201A1BD3320005847C /* Views */,
				B00F85F91A1BD0630005847C /* AppDelegate.h */,
				B00F85FA1A1BD0630005847C /* AppDelegate.m */,
				B00F86021A1BD0630005847C /* Images.xcassets */,
				B00F85F51A1BD0630005847C /* Supporting Files */,
			);
			path = TamagotchiApp;
			sourceTree = "<group>";
		};
		B00F85F51A1BD0630005847C /* Supporting Files */ = {
			isa = PBXGroup;
			children = (
				B00F85F61A1BD0630005847C /* Info.plist */,
				B00F85F71A1BD0630005847C /* main.m */,
				B01DE4BA1A1F501800E2C7DF /* Food.plist */,
			);
			name = "Supporting Files";
			sourceTree = "<group>";
		};
		B00F860E1A1BD0630005847C /* TamagotchiAppTests */ = {
			isa = PBXGroup;
			children = (
				B00F86111A1BD0630005847C /* TamagotchiAppTests.m */,
				B00F860F1A1BD0630005847C /* Supporting Files */,
			);
			path = TamagotchiAppTests;
			sourceTree = "<group>";
		};
		B00F860F1A1BD0630005847C /* Supporting Files */ = {
			isa = PBXGroup;
			children = (
				B00F86101A1BD0630005847C /* Info.plist */,
			);
			name = "Supporting Files";
			sourceTree = "<group>";
		};
		B00F86201A1BD3320005847C /* Views */ = {
			isa = PBXGroup;
			children = (
				B018C36A1A291A3D003ADA05 /* Ranking */,
				B088FE581A1E468100C19810 /* SelectFood */,
				B0D3607A1A1BE2AB0059E6AC /* ShowEnergy */,
				B0D35F611A1BD4D90059E6AC /* SelectImage */,
				B0D35F621A1BD4D90059E6AC /* SelectName */,
			);
			name = Views;
			sourceTree = "<group>";
		};
		B018C36A1A291A3D003ADA05 /* Ranking */ = {
			isa = PBXGroup;
			children = (
				B018C36B1A291A58003ADA05 /* RankingViewController.h */,
				B018C36C1A291A58003ADA05 /* RankingViewController.m */,
				B018C36D1A291A58003ADA05 /* RankingViewController.xib */,
				B018C3751A292618003ADA05 /* RankingCell.h */,
				B018C3761A292618003ADA05 /* RankingCell.m */,
				B018C3771A292618003ADA05 /* RankingCell.xib */,
				B0BE41461A2D0B630079C2EB /* MapViewController.h */,
				B0BE41471A2D0B630079C2EB /* MapViewController.m */,
				B0BE41481A2D0B630079C2EB /* MapViewController.xib */,
			);
			name = Ranking;
			path = Views/Ranking;
			sourceTree = "<group>";
		};
		B088FE581A1E468100C19810 /* SelectFood */ = {
			isa = PBXGroup;
			children = (
				B088FE591A1E46A800C19810 /* SelectFoodViewController.h */,
				B088FE5A1A1E46A800C19810 /* SelectFoodViewController.m */,
				B088FE5B1A1E46A800C19810 /* SelectFoodViewController.xib */,
				B088FE6D1A1E70DD00C19810 /* FoodCell.h */,
				B088FE6E1A1E70DD00C19810 /* FoodCell.m */,
				B088FE6F1A1E70DD00C19810 /* FoodCell.xib */,
			);
			name = SelectFood;
			sourceTree = "<group>";
		};
		B0D35F611A1BD4D90059E6AC /* SelectImage */ = {
			isa = PBXGroup;
			children = (
				B0D35F681A1BD52F0059E6AC /* SelectImageViewController.h */,
				B0D35F691A1BD52F0059E6AC /* SelectImageViewController.m */,
				B0D35F6A1A1BD52F0059E6AC /* SelectImageViewController.xib */,
			);
			name = SelectImage;
			path = Views/SelectImage;
			sourceTree = "<group>";
		};
		B0D35F621A1BD4D90059E6AC /* SelectName */ = {
			isa = PBXGroup;
			children = (
				B0D35F631A1BD4D90059E6AC /* WelcomeViewController.h */,
				B0D35F641A1BD4D90059E6AC /* WelcomeViewController.m */,
				B0D35F651A1BD4D90059E6AC /* WelcomeViewController.xib */,
			);
			name = SelectName;
			path = Views/SelectName;
			sourceTree = "<group>";
		};
		B0D3607A1A1BE2AB0059E6AC /* ShowEnergy */ = {
			isa = PBXGroup;
			children = (
				B0D3607B1A1BE2C70059E6AC /* ShowEnergyViewController.h */,
				B0D3607C1A1BE2C70059E6AC /* ShowEnergyViewController.m */,
				B0D3607D1A1BE2C70059E6AC /* ShowEnergyViewController.xib */,
			);
			name = ShowEnergy;
			path = Views/ShowEnergy;
			sourceTree = "<group>";
		};
		B0F823F91A264265000195B2 /* ThirdPartiesLibraries */ = {
			isa = PBXGroup;
			children = (
				B00E078D1A2792560004320C /* AFNetworking */,
				B00E07A11A2792560004320C /* UIKit+AFNetworking */,
			);
			path = ThirdPartiesLibraries;
			sourceTree = "<group>";
		};
		B0F823FA1A2642B6000195B2 /* Model */ = {
			isa = PBXGroup;
			children = (
				B00E07871A2791EB0004320C /* Food.h */,
				B00E07881A2791EB0004320C /* Food.m */,
				B00E07891A2791EB0004320C /* Pet.h */,
				B00E078A1A2791EB0004320C /* Pet.m */,
				B0BE41391A2CE1750079C2EB /* MyPet.h */,
				B0BE413A1A2CE1750079C2EB /* MyPet.m */,
			);
			path = Model;
			sourceTree = "<group>";
		};
/* End PBXGroup section */

/* Begin PBXNativeTarget section */
		B00F85F11A1BD0630005847C /* TamagotchiApp */ = {
			isa = PBXNativeTarget;
			buildConfigurationList = B00F86151A1BD0630005847C /* Build configuration list for PBXNativeTarget "TamagotchiApp" */;
			buildPhases = (
				B00F85EE1A1BD0630005847C /* Sources */,
				B00F85EF1A1BD0630005847C /* Frameworks */,
				B00F85F01A1BD0630005847C /* Resources */,
			);
			buildRules = (
			);
			dependencies = (
			);
			name = TamagotchiApp;
			productName = TamagotchiApp;
			productReference = B00F85F21A1BD0630005847C /* TamagotchiApp.app */;
			productType = "com.apple.product-type.application";
		};
		B00F860A1A1BD0630005847C /* TamagotchiAppTests */ = {
			isa = PBXNativeTarget;
			buildConfigurationList = B00F86181A1BD0630005847C /* Build configuration list for PBXNativeTarget "TamagotchiAppTests" */;
			buildPhases = (
				B00F86071A1BD0630005847C /* Sources */,
				B00F86081A1BD0630005847C /* Frameworks */,
				B00F86091A1BD0630005847C /* Resources */,
			);
			buildRules = (
			);
			dependencies = (
				B00F860D1A1BD0630005847C /* PBXTargetDependency */,
			);
			name = TamagotchiAppTests;
			productName = TamagotchiAppTests;
			productReference = B00F860B1A1BD0630005847C /* TamagotchiAppTests.xctest */;
			productType = "com.apple.product-type.bundle.unit-test";
		};
/* End PBXNativeTarget section */

/* Begin PBXProject section */
		B00F85EA1A1BD0630005847C /* Project object */ = {
			isa = PBXProject;
			attributes = {
				LastUpgradeCheck = 0610;
				ORGANIZATIONNAME = "Marcelo Fabian Dessal";
				TargetAttributes = {
					B00F85F11A1BD0630005847C = {
						CreatedOnToolsVersion = 6.1;
						SystemCapabilities = {
							com.apple.BackgroundModes = {
								enabled = 1;
							};
						};
					};
					B00F860A1A1BD0630005847C = {
						CreatedOnToolsVersion = 6.1;
						TestTargetID = B00F85F11A1BD0630005847C;
					};
				};
			};
			buildConfigurationList = B00F85ED1A1BD0630005847C /* Build configuration list for PBXProject "TamagotchiApp" */;
			compatibilityVersion = "Xcode 3.2";
			developmentRegion = English;
			hasScannedForEncodings = 0;
			knownRegions = (
				en,
				Base,
			);
			mainGroup = B00F85E91A1BD0630005847C;
			productRefGroup = B00F85F31A1BD0630005847C /* Products */;
			projectDirPath = "";
			projectRoot = "";
			targets = (
				B00F85F11A1BD0630005847C /* TamagotchiApp */,
				B00F860A1A1BD0630005847C /* TamagotchiAppTests */,
			);
		};
/* End PBXProject section */

/* Begin PBXResourcesBuildPhase section */
		B00F85F01A1BD0630005847C /* Resources */ = {
			isa = PBXResourcesBuildPhase;
			buildActionMask = 2147483647;
			files = (
				B01DE4BB1A1F501800E2C7DF /* Food.plist in Resources */,
				B00F86031A1BD0630005847C /* Images.xcassets in Resources */,
				B018C3791A292618003ADA05 /* RankingCell.xib in Resources */,
				B0BE414A1A2D0B630079C2EB /* MapViewController.xib in Resources */,
				B088FE5D1A1E46A800C19810 /* SelectFoodViewController.xib in Resources */,
				B018C36F1A291A58003ADA05 /* RankingViewController.xib in Resources */,
				B0D35F6C1A1BD52F0059E6AC /* SelectImageViewController.xib in Resources */,
				B0D35F671A1BD4D90059E6AC /* WelcomeViewController.xib in Resources */,
				B088FE711A1E70DD00C19810 /* FoodCell.xib in Resources */,
				B0D3607F1A1BE2C70059E6AC /* ShowEnergyViewController.xib in Resources */,
			);
			runOnlyForDeploymentPostprocessing = 0;
		};
		B00F86091A1BD0630005847C /* Resources */ = {
			isa = PBXResourcesBuildPhase;
			buildActionMask = 2147483647;
			files = (
			);
			runOnlyForDeploymentPostprocessing = 0;
		};
/* End PBXResourcesBuildPhase section */

/* Begin PBXSourcesBuildPhase section */
		B00F85EE1A1BD0630005847C /* Sources */ = {
			isa = PBXSourcesBuildPhase;
			buildActionMask = 2147483647;
			files = (
				B0BE413E1A2D066D0079C2EB /* LocationManager.m in Sources */,
				B00E07B71A2792560004320C /* AFSecurityPolicy.m in Sources */,
				B00E078B1A2791EB0004320C /* Food.m in Sources */,
				B00E07B61A2792560004320C /* AFNetworkReachabilityManager.m in Sources */,
				B0D35F6B1A1BD52F0059E6AC /* SelectImageViewController.m in Sources */,
				B00E07BC1A2792560004320C /* AFNetworkActivityIndicatorManager.m in Sources */,
				B00E07C01A2792560004320C /* UIImageView+AFNetworking.m in Sources */,
				B00E07B81A2792560004320C /* AFURLConnectionOperation.m in Sources */,
				B00E07C61A27929F0004320C /* NetworkManager.m in Sources */,
				B018C3781A292618003ADA05 /* RankingCell.m in Sources */,
				B00E07BD1A2792560004320C /* UIActivityIndicatorView+AFNetworking.m in Sources */,
				B00E07C31A2792560004320C /* UIWebView+AFNetworking.m in Sources */,
				B00E07B31A2792560004320C /* AFHTTPRequestOperation.m in Sources */,
				B00E07B51A2792560004320C /* AFHTTPSessionManager.m in Sources */,
				B00E07BE1A2792560004320C /* UIAlertView+AFNetworking.m in Sources */,
				B00E07B91A2792560004320C /* AFURLRequestSerialization.m in Sources */,
				B0822DC41A28F85600EFDD4E /* PushNotificationManager.m in Sources */,
				B00F85FB1A1BD0630005847C /* AppDelegate.m in Sources */,
				B00E07BB1A2792560004320C /* AFURLSessionManager.m in Sources */,
				B088FE5C1A1E46A800C19810 /* SelectFoodViewController.m in Sources */,
				B00E07B41A2792560004320C /* AFHTTPRequestOperationManager.m in Sources */,
				B0BE41491A2D0B630079C2EB /* MapViewController.m in Sources */,
				B00E07C11A2792560004320C /* UIProgressView+AFNetworking.m in Sources */,
				B0D3607E1A1BE2C70059E6AC /* ShowEnergyViewController.m in Sources */,
				B00E07BF1A2792560004320C /* UIButton+AFNetworking.m in Sources */,
				B00E07BA1A2792560004320C /* AFURLResponseSerialization.m in Sources */,
				B018C36E1A291A58003ADA05 /* RankingViewController.m in Sources */,
				B00E078C1A2791EB0004320C /* Pet.m in Sources */,
				B0BE413B1A2CE1750079C2EB /* MyPet.m in Sources */,
				B00F85F81A1BD0630005847C /* main.m in Sources */,
				B00E07C21A2792560004320C /* UIRefreshControl+AFNetworking.m in Sources */,
				B088FE701A1E70DD00C19810 /* FoodCell.m in Sources */,
				B0D35F661A1BD4D90059E6AC /* WelcomeViewController.m in Sources */,
			);
			runOnlyForDeploymentPostprocessing = 0;
		};
		B00F86071A1BD0630005847C /* Sources */ = {
			isa = PBXSourcesBuildPhase;
			buildActionMask = 2147483647;
			files = (
				B00F86121A1BD0630005847C /* TamagotchiAppTests.m in Sources */,
			);
			runOnlyForDeploymentPostprocessing = 0;
		};
/* End PBXSourcesBuildPhase section */

/* Begin PBXTargetDependency section */
		B00F860D1A1BD0630005847C /* PBXTargetDependency */ = {
			isa = PBXTargetDependency;
			target = B00F85F11A1BD0630005847C /* TamagotchiApp */;
			targetProxy = B00F860C1A1BD0630005847C /* PBXContainerItemProxy */;
		};
/* End PBXTargetDependency section */

/* Begin XCBuildConfiguration section */
		B00F86131A1BD0630005847C /* Debug */ = {
			isa = XCBuildConfiguration;
			buildSettings = {
				ALWAYS_SEARCH_USER_PATHS = NO;
				CLANG_CXX_LANGUAGE_STANDARD = "gnu++0x";
				CLANG_CXX_LIBRARY = "libc++";
				CLANG_ENABLE_MODULES = YES;
				CLANG_ENABLE_OBJC_ARC = YES;
				CLANG_WARN_BOOL_CONVERSION = YES;
				CLANG_WARN_CONSTANT_CONVERSION = YES;
				CLANG_WARN_DIRECT_OBJC_ISA_USAGE = YES_ERROR;
				CLANG_WARN_EMPTY_BODY = YES;
				CLANG_WARN_ENUM_CONVERSION = YES;
				CLANG_WARN_INT_CONVERSION = YES;
				CLANG_WARN_OBJC_ROOT_CLASS = YES_ERROR;
				CLANG_WARN_UNREACHABLE_CODE = YES;
				CLANG_WARN__DUPLICATE_METHOD_MATCH = YES;
				"CODE_SIGN_IDENTITY[sdk=iphoneos*]" = "iPhone Developer";
				COPY_PHASE_STRIP = NO;
				ENABLE_STRICT_OBJC_MSGSEND = YES;
				GCC_C_LANGUAGE_STANDARD = gnu99;
				GCC_DYNAMIC_NO_PIC = NO;
				GCC_OPTIMIZATION_LEVEL = 0;
				GCC_PREPROCESSOR_DEFINITIONS = (
					"DEBUG=1",
					"$(inherited)",
				);
				GCC_SYMBOLS_PRIVATE_EXTERN = NO;
				GCC_WARN_64_TO_32_BIT_CONVERSION = YES;
				GCC_WARN_ABOUT_RETURN_TYPE = YES_ERROR;
				GCC_WARN_UNDECLARED_SELECTOR = YES;
				GCC_WARN_UNINITIALIZED_AUTOS = YES_AGGRESSIVE;
				GCC_WARN_UNUSED_FUNCTION = YES;
				GCC_WARN_UNUSED_VARIABLE = YES;
				IPHONEOS_DEPLOYMENT_TARGET = 8.1;
				MTL_ENABLE_DEBUG_INFO = YES;
				ONLY_ACTIVE_ARCH = YES;
				SDKROOT = iphoneos;
			};
			name = Debug;
		};
		B00F86141A1BD0630005847C /* Release */ = {
			isa = XCBuildConfiguration;
			buildSettings = {
				ALWAYS_SEARCH_USER_PATHS = NO;
				CLANG_CXX_LANGUAGE_STANDARD = "gnu++0x";
				CLANG_CXX_LIBRARY = "libc++";
				CLANG_ENABLE_MODULES = YES;
				CLANG_ENABLE_OBJC_ARC = YES;
				CLANG_WARN_BOOL_CONVERSION = YES;
				CLANG_WARN_CONSTANT_CONVERSION = YES;
				CLANG_WARN_DIRECT_OBJC_ISA_USAGE = YES_ERROR;
				CLANG_WARN_EMPTY_BODY = YES;
				CLANG_WARN_ENUM_CONVERSION = YES;
				CLANG_WARN_INT_CONVERSION = YES;
				CLANG_WARN_OBJC_ROOT_CLASS = YES_ERROR;
				CLANG_WARN_UNREACHABLE_CODE = YES;
				CLANG_WARN__DUPLICATE_METHOD_MATCH = YES;
				"CODE_SIGN_IDENTITY[sdk=iphoneos*]" = "iPhone Developer";
				COPY_PHASE_STRIP = YES;
				ENABLE_NS_ASSERTIONS = NO;
				ENABLE_STRICT_OBJC_MSGSEND = YES;
				GCC_C_LANGUAGE_STANDARD = gnu99;
				GCC_WARN_64_TO_32_BIT_CONVERSION = YES;
				GCC_WARN_ABOUT_RETURN_TYPE = YES_ERROR;
				GCC_WARN_UNDECLARED_SELECTOR = YES;
				GCC_WARN_UNINITIALIZED_AUTOS = YES_AGGRESSIVE;
				GCC_WARN_UNUSED_FUNCTION = YES;
				GCC_WARN_UNUSED_VARIABLE = YES;
				IPHONEOS_DEPLOYMENT_TARGET = 8.1;
				MTL_ENABLE_DEBUG_INFO = NO;
				SDKROOT = iphoneos;
				VALIDATE_PRODUCT = YES;
			};
			name = Release;
		};
		B00F86161A1BD0630005847C /* Debug */ = {
			isa = XCBuildConfiguration;
			buildSettings = {
				ASSETCATALOG_COMPILER_APPICON_NAME = AppIcon;
				ASSETCATALOG_COMPILER_LAUNCHIMAGE_NAME = LaunchImage;
				CODE_SIGN_IDENTITY = "iOS Development: Marcelo Dessal (S4H9RA34EY)";
				FRAMEWORK_SEARCH_PATHS = (
					"$(inherited)",
					"$(PROJECT_DIR)/TamagotchiApp/ThirdPartiesLibraries",
					"/Users/marcelo.dessal/Downloads/parse-library-1",
					"/Users/marcelo.dessal/Downloads/parse-library-1-2",
				);
				INFOPLIST_FILE = TamagotchiApp/Info.plist;
				IPHONEOS_DEPLOYMENT_TARGET = 7.1;
				LD_RUNPATH_SEARCH_PATHS = "$(inherited) @executable_path/Frameworks";
				PRODUCT_NAME = "$(TARGET_NAME)";
				PROVISIONING_PROFILE = "6f44e8bd-74d3-4294-ad76-0849a6709531";
				TARGETED_DEVICE_FAMILY = 1;
			};
			name = Debug;
		};
		B00F86171A1BD0630005847C /* Release */ = {
			isa = XCBuildConfiguration;
			buildSettings = {
				ASSETCATALOG_COMPILER_APPICON_NAME = AppIcon;
				ASSETCATALOG_COMPILER_LAUNCHIMAGE_NAME = LaunchImage;
				CODE_SIGN_IDENTITY = "iOS Development: Marcelo Dessal (S4H9RA34EY)";
				FRAMEWORK_SEARCH_PATHS = (
					"$(inherited)",
					"$(PROJECT_DIR)/TamagotchiApp/ThirdPartiesLibraries",
					"/Users/marcelo.dessal/Downloads/parse-library-1",
					"/Users/marcelo.dessal/Downloads/parse-library-1-2",
				);
				INFOPLIST_FILE = TamagotchiApp/Info.plist;
				IPHONEOS_DEPLOYMENT_TARGET = 7.1;
				LD_RUNPATH_SEARCH_PATHS = "$(inherited) @executable_path/Frameworks";
				PRODUCT_NAME = "$(TARGET_NAME)";
				PROVISIONING_PROFILE = "6f44e8bd-74d3-4294-ad76-0849a6709531";
				TARGETED_DEVICE_FAMILY = 1;
			};
			name = Release;
		};
		B00F86191A1BD0630005847C /* Debug */ = {
			isa = XCBuildConfiguration;
			buildSettings = {
				BUNDLE_LOADER = "$(TEST_HOST)";
				FRAMEWORK_SEARCH_PATHS = (
					"$(SDKROOT)/Developer/Library/Frameworks",
					"$(inherited)",
				);
				GCC_PREPROCESSOR_DEFINITIONS = (
					"DEBUG=1",
					"$(inherited)",
				);
				INFOPLIST_FILE = TamagotchiAppTests/Info.plist;
				LD_RUNPATH_SEARCH_PATHS = "$(inherited) @executable_path/Frameworks @loader_path/Frameworks";
				PRODUCT_NAME = "$(TARGET_NAME)";
				TEST_HOST = "$(BUILT_PRODUCTS_DIR)/TamagotchiApp.app/TamagotchiApp";
			};
			name = Debug;
		};
		B00F861A1A1BD0630005847C /* Release */ = {
			isa = XCBuildConfiguration;
			buildSettings = {
				BUNDLE_LOADER = "$(TEST_HOST)";
				FRAMEWORK_SEARCH_PATHS = (
					"$(SDKROOT)/Developer/Library/Frameworks",
					"$(inherited)",
				);
				INFOPLIST_FILE = TamagotchiAppTests/Info.plist;
				LD_RUNPATH_SEARCH_PATHS = "$(inherited) @executable_path/Frameworks @loader_path/Frameworks";
				PRODUCT_NAME = "$(TARGET_NAME)";
				TEST_HOST = "$(BUILT_PRODUCTS_DIR)/TamagotchiApp.app/TamagotchiApp";
			};
			name = Release;
		};
/* End XCBuildConfiguration section */

/* Begin XCConfigurationList section */
		B00F85ED1A1BD0630005847C /* Build configuration list for PBXProject "TamagotchiApp" */ = {
			isa = XCConfigurationList;
			buildConfigurations = (
				B00F86131A1BD0630005847C /* Debug */,
				B00F86141A1BD0630005847C /* Release */,
			);
			defaultConfigurationIsVisible = 0;
			defaultConfigurationName = Release;
		};
		B00F86151A1BD0630005847C /* Build configuration list for PBXNativeTarget "TamagotchiApp" */ = {
			isa = XCConfigurationList;
			buildConfigurations = (
				B00F86161A1BD0630005847C /* Debug */,
				B00F86171A1BD0630005847C /* Release */,
			);
			defaultConfigurationIsVisible = 0;
			defaultConfigurationName = Release;
		};
		B00F86181A1BD0630005847C /* Build configuration list for PBXNativeTarget "TamagotchiAppTests" */ = {
			isa = XCConfigurationList;
			buildConfigurations = (
				B00F86191A1BD0630005847C /* Debug */,
				B00F861A1A1BD0630005847C /* Release */,
			);
			defaultConfigurationIsVisible = 0;
			defaultConfigurationName = Release;
		};
/* End XCConfigurationList section */
	};
	rootObject = B00F85EA1A1BD0630005847C /* Project object */;
}
